// !$*UTF8*$!
{
	archiveVersion = 1;
	classes = {
	};
	objectVersion = 50;
	objects = {

/* Begin PBXBuildFile section */
		BE4EFEE48A377D0A42387BFA /* Pods_RandomFood.framework in Frameworks */ = {isa = PBXBuildFile; fileRef = 32291C488AB180ADBA95CCB9 /* Pods_RandomFood.framework */; };
		BE5FAFE4214399F000F8A566 /* ZHShowItemCell.swift in Sources */ = {isa = PBXBuildFile; fileRef = BE5FAFE2214399F000F8A566 /* ZHShowItemCell.swift */; };
		BE5FAFE5214399F000F8A566 /* ZHShowItemCell.xib in Resources */ = {isa = PBXBuildFile; fileRef = BE5FAFE3214399F000F8A566 /* ZHShowItemCell.xib */; };
		BE5FAFE82143A1B500F8A566 /* ZHRandomFoodDefine.swift in Sources */ = {isa = PBXBuildFile; fileRef = BE5FAFE72143A1B500F8A566 /* ZHRandomFoodDefine.swift */; };
		BE5FAFED2143CCD600F8A566 /* ZHSettingController.swift in Sources */ = {isa = PBXBuildFile; fileRef = BE5FAFEC2143CCD600F8A566 /* ZHSettingController.swift */; };
		BE64E13E21311995009E6BF6 /* AppDelegate.swift in Sources */ = {isa = PBXBuildFile; fileRef = BE64E13D21311995009E6BF6 /* AppDelegate.swift */; };
		BE64E14521311996009E6BF6 /* Assets.xcassets in Resources */ = {isa = PBXBuildFile; fileRef = BE64E14421311996009E6BF6 /* Assets.xcassets */; };
		BE64E14821311996009E6BF6 /* LaunchScreen.storyboard in Resources */ = {isa = PBXBuildFile; fileRef = BE64E14621311996009E6BF6 /* LaunchScreen.storyboard */; };
		BE64E151213271BB009E6BF6 /* ZHDataStore.swift in Sources */ = {isa = PBXBuildFile; fileRef = BE64E150213271BB009E6BF6 /* ZHDataStore.swift */; };
		BE64E16B2132936A009E6BF6 /* CoreLocation.framework in Frameworks */ = {isa = PBXBuildFile; fileRef = BE64E16A2132936A009E6BF6 /* CoreLocation.framework */; };
		BE64E59C21343A63009E6BF6 /* AdViewAdapterAdMob.m in Sources */ = {isa = PBXBuildFile; fileRef = BE64E37121343A62009E6BF6 /* AdViewAdapterAdMob.m */; };
		BE64E59D21343A63009E6BF6 /* AdInstlAdapterAdMob.m in Sources */ = {isa = PBXBuildFile; fileRef = BE64E37221343A62009E6BF6 /* AdInstlAdapterAdMob.m */; };
		BE64E59E21343A63009E6BF6 /* GoogleMobileAds.framework in Frameworks */ = {isa = PBXBuildFile; fileRef = BE64E37421343A62009E6BF6 /* GoogleMobileAds.framework */; };
		BE64E59F21343A63009E6BF6 /* README.txt in Resources */ = {isa = PBXBuildFile; fileRef = BE64E37521343A62009E6BF6 /* README.txt */; };
		BE64E5AC21343A63009E6BF6 /* AdInstlAdapterYouMi.m in Sources */ = {isa = PBXBuildFile; fileRef = BE64E39E21343A62009E6BF6 /* AdInstlAdapterYouMi.m */; };
		BE64E5AD21343A63009E6BF6 /* sdk_v2.13_2015-05-14.a in Frameworks */ = {isa = PBXBuildFile; fileRef = BE64E3A121343A62009E6BF6 /* sdk_v2.13_2015-05-14.a */; };
		BE64E60921343A63009E6BF6 /* AdViewToolX.mm in Sources */ = {isa = PBXBuildFile; fileRef = BE64E4A021343A62009E6BF6 /* AdViewToolX.mm */; };
		BE64E60A21343A63009E6BF6 /* AdViewController.m in Sources */ = {isa = PBXBuildFile; fileRef = BE64E4A121343A62009E6BF6 /* AdViewController.m */; };
		BE64E60E21343A63009E6BF6 /* SimMethod.cpp in Sources */ = {isa = PBXBuildFile; fileRef = BE64E4AA21343A62009E6BF6 /* SimMethod.cpp */; };
		BE64E60F21343A63009E6BF6 /* libAdViewSDK.a in Frameworks */ = {isa = PBXBuildFile; fileRef = BE64E4CC21343A62009E6BF6 /* libAdViewSDK.a */; };
		BE64E61021343A63009E6BF6 /* AdViewRes.bundle in Resources */ = {isa = PBXBuildFile; fileRef = BE64E4D121343A62009E6BF6 /* AdViewRes.bundle */; };
		BE64E61221343D9A009E6BF6 /* AdSupport.framework in Frameworks */ = {isa = PBXBuildFile; fileRef = BE64E61121343D9A009E6BF6 /* AdSupport.framework */; };
		BE64E61421343DA7009E6BF6 /* AddressBook.framework in Frameworks */ = {isa = PBXBuildFile; fileRef = BE64E61321343DA7009E6BF6 /* AddressBook.framework */; };
		BE64E61621343DB4009E6BF6 /* libc++.tbd in Frameworks */ = {isa = PBXBuildFile; fileRef = BE64E61521343DB4009E6BF6 /* libc++.tbd */; };
		BE64E61821343DBC009E6BF6 /* libsqlite3.tbd in Frameworks */ = {isa = PBXBuildFile; fileRef = BE64E61721343DBC009E6BF6 /* libsqlite3.tbd */; };
		BE64E61A21343DC4009E6BF6 /* libxml2.tbd in Frameworks */ = {isa = PBXBuildFile; fileRef = BE64E61921343DC4009E6BF6 /* libxml2.tbd */; };
		BE64E61C21343DCB009E6BF6 /* libz.tbd in Frameworks */ = {isa = PBXBuildFile; fileRef = BE64E61B21343DCB009E6BF6 /* libz.tbd */; };
		BE64E61E21343DDF009E6BF6 /* QuartzCore.framework in Frameworks */ = {isa = PBXBuildFile; fileRef = BE64E61D21343DDF009E6BF6 /* QuartzCore.framework */; };
		BE64E62021343DEB009E6BF6 /* SystemConfiguration.framework in Frameworks */ = {isa = PBXBuildFile; fileRef = BE64E61F21343DEB009E6BF6 /* SystemConfiguration.framework */; };
		BE64E62221343DF5009E6BF6 /* CoreTelephony.framework in Frameworks */ = {isa = PBXBuildFile; fileRef = BE64E62121343DF5009E6BF6 /* CoreTelephony.framework */; };
		BE64E62621343E08009E6BF6 /* Security.framework in Frameworks */ = {isa = PBXBuildFile; fileRef = BE64E62521343E08009E6BF6 /* Security.framework */; };
		BE64E62821343E1A009E6BF6 /* CFNetwork.framework in Frameworks */ = {isa = PBXBuildFile; fileRef = BE64E62721343E1A009E6BF6 /* CFNetwork.framework */; };
		BE64E62A21343E27009E6BF6 /* ImageIO.framework in Frameworks */ = {isa = PBXBuildFile; fileRef = BE64E62921343E27009E6BF6 /* ImageIO.framework */; };
		BE64E62C21343E35009E6BF6 /* CoreMotion.framework in Frameworks */ = {isa = PBXBuildFile; fileRef = BE64E62B21343E35009E6BF6 /* CoreMotion.framework */; };
		BE64E62E21343ED9009E6BF6 /* Metal.framework in Frameworks */ = {isa = PBXBuildFile; fileRef = BE64E62D21343ED9009E6BF6 /* Metal.framework */; };
		BE64E62F21343EE4009E6BF6 /* MapKit.framework in Frameworks */ = {isa = PBXBuildFile; fileRef = BE64E16621328D89009E6BF6 /* MapKit.framework */; };
		BE64E63121343EF1009E6BF6 /* MobileCoreServices.framework in Frameworks */ = {isa = PBXBuildFile; fileRef = BE64E63021343EF1009E6BF6 /* MobileCoreServices.framework */; };
		BE64E63521343F04009E6BF6 /* Social.framework in Frameworks */ = {isa = PBXBuildFile; fileRef = BE64E63421343F04009E6BF6 /* Social.framework */; };
		BE64E63721343F0C009E6BF6 /* AudioToolbox.framework in Frameworks */ = {isa = PBXBuildFile; fileRef = BE64E63621343F0C009E6BF6 /* AudioToolbox.framework */; };
		BE64E63921343F1C009E6BF6 /* AVFoundation.framework in Frameworks */ = {isa = PBXBuildFile; fileRef = BE64E63821343F1C009E6BF6 /* AVFoundation.framework */; };
		BE64E63B21343F26009E6BF6 /* CoreGraphics.framework in Frameworks */ = {isa = PBXBuildFile; fileRef = BE64E63A21343F26009E6BF6 /* CoreGraphics.framework */; };
		BE64E63D21343F30009E6BF6 /* CoreMedia.framework in Frameworks */ = {isa = PBXBuildFile; fileRef = BE64E63C21343F30009E6BF6 /* CoreMedia.framework */; };
		BE64E63F21343F3B009E6BF6 /* CoreVideo.framework in Frameworks */ = {isa = PBXBuildFile; fileRef = BE64E63E21343F3B009E6BF6 /* CoreVideo.framework */; };
		BE64E64121343F43009E6BF6 /* MediaPlayer.framework in Frameworks */ = {isa = PBXBuildFile; fileRef = BE64E64021343F42009E6BF6 /* MediaPlayer.framework */; };
		BE64E64321343F4A009E6BF6 /* MessageUI.framework in Frameworks */ = {isa = PBXBuildFile; fileRef = BE64E64221343F4A009E6BF6 /* MessageUI.framework */; };
		BE64E64521343F5C009E6BF6 /* EventKit.framework in Frameworks */ = {isa = PBXBuildFile; fileRef = BE64E64421343F5B009E6BF6 /* EventKit.framework */; };
		BE64E64721343F63009E6BF6 /* EventKitUI.framework in Frameworks */ = {isa = PBXBuildFile; fileRef = BE64E64621343F63009E6BF6 /* EventKitUI.framework */; };
		BE64E64921343F6B009E6BF6 /* Foundation.framework in Frameworks */ = {isa = PBXBuildFile; fileRef = BE64E64821343F6B009E6BF6 /* Foundation.framework */; };
		BE64E64B21343F75009E6BF6 /* UIKit.framework in Frameworks */ = {isa = PBXBuildFile; fileRef = BE64E64A21343F75009E6BF6 /* UIKit.framework */; };
		BE64E64D21343F7C009E6BF6 /* Twitter.framework in Frameworks */ = {isa = PBXBuildFile; fileRef = BE64E64C21343F7C009E6BF6 /* Twitter.framework */; };
		BE64E64F21343F83009E6BF6 /* AssetsLibrary.framework in Frameworks */ = {isa = PBXBuildFile; fileRef = BE64E64E21343F83009E6BF6 /* AssetsLibrary.framework */; };
		BE64E65121343F8A009E6BF6 /* Accounts.framework in Frameworks */ = {isa = PBXBuildFile; fileRef = BE64E65021343F8A009E6BF6 /* Accounts.framework */; };
		BE64E65321343F92009E6BF6 /* WebKit.framework in Frameworks */ = {isa = PBXBuildFile; fileRef = BE64E65221343F92009E6BF6 /* WebKit.framework */; };
		BE64E65521343F9F009E6BF6 /* libz.1.2.5.tbd in Frameworks */ = {isa = PBXBuildFile; fileRef = BE64E65421343F9F009E6BF6 /* libz.1.2.5.tbd */; };
		BE64E65E213446C1009E6BF6 /* StoreKit.framework in Frameworks */ = {isa = PBXBuildFile; fileRef = BE64E65D213446C1009E6BF6 /* StoreKit.framework */; };
		BE64F40B21359849009E6BF6 /* AdInstlAdapterGDTMob.m in Sources */ = {isa = PBXBuildFile; fileRef = BE64F3FC21359849009E6BF6 /* AdInstlAdapterGDTMob.m */; };
		BE64F40C21359849009E6BF6 /* AdNativeAdapterGDTMob.m in Sources */ = {isa = PBXBuildFile; fileRef = BE64F3FD21359849009E6BF6 /* AdNativeAdapterGDTMob.m */; };
		BE64F40D21359849009E6BF6 /* AdViewAdapterGDTMob.m in Sources */ = {isa = PBXBuildFile; fileRef = BE64F3FE21359849009E6BF6 /* AdViewAdapterGDTMob.m */; };
		BE64F40E21359849009E6BF6 /* AdSplashAdapterGDTMob.m in Sources */ = {isa = PBXBuildFile; fileRef = BE64F3FF21359849009E6BF6 /* AdSplashAdapterGDTMob.m */; };
		BE64F40F21359849009E6BF6 /* libGDTMobSDK.a in Frameworks */ = {isa = PBXBuildFile; fileRef = BE64F40A21359849009E6BF6 /* libGDTMobSDK.a */; };
		BE64F54921382C07009E6BF6 /* ZHRandomFoodController.swift in Sources */ = {isa = PBXBuildFile; fileRef = BE64F54721382C07009E6BF6 /* ZHRandomFoodController.swift */; };
		BE64F54D21391DE2009E6BF6 /* ZHLocationHelper.swift in Sources */ = {isa = PBXBuildFile; fileRef = BE64F54C21391DE2009E6BF6 /* ZHLocationHelper.swift */; };
		BE64F55221394280009E6BF6 /* ZHDiningRoomController.swift in Sources */ = {isa = PBXBuildFile; fileRef = BE64F55021394280009E6BF6 /* ZHDiningRoomController.swift */; };
		BE64F556213942A1009E6BF6 /* ZHDiningRoomView.swift in Sources */ = {isa = PBXBuildFile; fileRef = BE64F555213942A1009E6BF6 /* ZHDiningRoomView.swift */; };
		BE64F558213942D9009E6BF6 /* ZHDiningRoomView.xib in Resources */ = {isa = PBXBuildFile; fileRef = BE64F557213942D9009E6BF6 /* ZHDiningRoomView.xib */; };
		BE996EF9213AD5FD00B2D450 /* ZHDiningRoom.swift in Sources */ = {isa = PBXBuildFile; fileRef = BE996EF8213AD5FD00B2D450 /* ZHDiningRoom.swift */; };
		BE996EFB213AD63700B2D450 /* ZHFood.swift in Sources */ = {isa = PBXBuildFile; fileRef = BE996EFA213AD63700B2D450 /* ZHFood.swift */; };
		BE996EFE213ADE3900B2D450 /* ZHRandomController.swift in Sources */ = {isa = PBXBuildFile; fileRef = BE996EFD213ADE3900B2D450 /* ZHRandomController.swift */; };
		BE996F00213AEEC200B2D450 /* SDK20181227120814372t7f1vq4n2ehu.txt in Resources */ = {isa = PBXBuildFile; fileRef = BE996EFF213AEEC100B2D450 /* SDK20181227120814372t7f1vq4n2ehu.txt */; };
		BE996F03213D760A00B2D450 /* ZHRandomView.swift in Sources */ = {isa = PBXBuildFile; fileRef = BE996F02213D760A00B2D450 /* ZHRandomView.swift */; };
		BE996F05213D761900B2D450 /* ZHRandomView.xib in Resources */ = {isa = PBXBuildFile; fileRef = BE996F04213D761900B2D450 /* ZHRandomView.xib */; };
		BE996F07213EB4AC00B2D450 /* ZHFoodView.swift in Sources */ = {isa = PBXBuildFile; fileRef = BE996F06213EB4AC00B2D450 /* ZHFoodView.swift */; };
		BE996F09213EB4B500B2D450 /* ZHFoodView.xib in Resources */ = {isa = PBXBuildFile; fileRef = BE996F08213EB4B500B2D450 /* ZHFoodView.xib */; };
		BE996F0C213F5DB600B2D450 /* ZHBaseController.swift in Sources */ = {isa = PBXBuildFile; fileRef = BE996F0B213F5DB600B2D450 /* ZHBaseController.swift */; };
		BE996F4A214208AA00B2D450 /* ZHNavTitleView.swift in Sources */ = {isa = PBXBuildFile; fileRef = BE996F49214208AA00B2D450 /* ZHNavTitleView.swift */; };
		BE996F4C214208B200B2D450 /* ZHNavTitleView.xib in Resources */ = {isa = PBXBuildFile; fileRef = BE996F4B214208B200B2D450 /* ZHNavTitleView.xib */; };
/* End PBXBuildFile section */

/* Begin PBXFileReference section */
		32291C488AB180ADBA95CCB9 /* Pods_RandomFood.framework */ = {isa = PBXFileReference; explicitFileType = wrapper.framework; includeInIndex = 0; path = Pods_RandomFood.framework; sourceTree = BUILT_PRODUCTS_DIR; };
		7DF4B565849C8ACCB1BA223F /* Pods-RandomFood.debug.xcconfig */ = {isa = PBXFileReference; includeInIndex = 1; lastKnownFileType = text.xcconfig; name = "Pods-RandomFood.debug.xcconfig"; path = "Pods/Target Support Files/Pods-RandomFood/Pods-RandomFood.debug.xcconfig"; sourceTree = "<group>"; };
		B4A0ED4A3736E9E11C38A886 /* Pods-RandomFood.release.xcconfig */ = {isa = PBXFileReference; includeInIndex = 1; lastKnownFileType = text.xcconfig; name = "Pods-RandomFood.release.xcconfig"; path = "Pods/Target Support Files/Pods-RandomFood/Pods-RandomFood.release.xcconfig"; sourceTree = "<group>"; };
		BE5FAFE2214399F000F8A566 /* ZHShowItemCell.swift */ = {isa = PBXFileReference; lastKnownFileType = sourcecode.swift; path = ZHShowItemCell.swift; sourceTree = "<group>"; };
		BE5FAFE3214399F000F8A566 /* ZHShowItemCell.xib */ = {isa = PBXFileReference; lastKnownFileType = file.xib; path = ZHShowItemCell.xib; sourceTree = "<group>"; };
		BE5FAFE72143A1B500F8A566 /* ZHRandomFoodDefine.swift */ = {isa = PBXFileReference; lastKnownFileType = sourcecode.swift; path = ZHRandomFoodDefine.swift; sourceTree = "<group>"; };
		BE5FAFEC2143CCD600F8A566 /* ZHSettingController.swift */ = {isa = PBXFileReference; lastKnownFileType = sourcecode.swift; path = ZHSettingController.swift; sourceTree = "<group>"; };
		BE64E13A21311995009E6BF6 /* RandomFood.app */ = {isa = PBXFileReference; explicitFileType = wrapper.application; includeInIndex = 0; path = RandomFood.app; sourceTree = BUILT_PRODUCTS_DIR; };
		BE64E13D21311995009E6BF6 /* AppDelegate.swift */ = {isa = PBXFileReference; lastKnownFileType = sourcecode.swift; path = AppDelegate.swift; sourceTree = "<group>"; };
		BE64E14421311996009E6BF6 /* Assets.xcassets */ = {isa = PBXFileReference; lastKnownFileType = folder.assetcatalog; path = Assets.xcassets; sourceTree = "<group>"; };
		BE64E14721311996009E6BF6 /* Base */ = {isa = PBXFileReference; lastKnownFileType = file.storyboard; name = Base; path = Base.lproj/LaunchScreen.storyboard; sourceTree = "<group>"; };
		BE64E14921311996009E6BF6 /* Info.plist */ = {isa = PBXFileReference; lastKnownFileType = text.plist.xml; path = Info.plist; sourceTree = "<group>"; };
		BE64E150213271BB009E6BF6 /* ZHDataStore.swift */ = {isa = PBXFileReference; lastKnownFileType = sourcecode.swift; path = ZHDataStore.swift; sourceTree = "<group>"; };
		BE64E16621328D89009E6BF6 /* MapKit.framework */ = {isa = PBXFileReference; lastKnownFileType = wrapper.framework; name = MapKit.framework; path = System/Library/Frameworks/MapKit.framework; sourceTree = SDKROOT; };
		BE64E16A2132936A009E6BF6 /* CoreLocation.framework */ = {isa = PBXFileReference; lastKnownFileType = wrapper.framework; name = CoreLocation.framework; path = System/Library/Frameworks/CoreLocation.framework; sourceTree = SDKROOT; };
		BE64E36F21343A62009E6BF6 /* AdViewAdapterAdMob.h */ = {isa = PBXFileReference; fileEncoding = 4; lastKnownFileType = sourcecode.c.h; path = AdViewAdapterAdMob.h; sourceTree = "<group>"; };
		BE64E37021343A62009E6BF6 /* AdInstlAdapterAdMob.h */ = {isa = PBXFileReference; fileEncoding = 4; lastKnownFileType = sourcecode.c.h; path = AdInstlAdapterAdMob.h; sourceTree = "<group>"; };
		BE64E37121343A62009E6BF6 /* AdViewAdapterAdMob.m */ = {isa = PBXFileReference; fileEncoding = 4; lastKnownFileType = sourcecode.c.objc; path = AdViewAdapterAdMob.m; sourceTree = "<group>"; };
		BE64E37221343A62009E6BF6 /* AdInstlAdapterAdMob.m */ = {isa = PBXFileReference; fileEncoding = 4; lastKnownFileType = sourcecode.c.objc; path = AdInstlAdapterAdMob.m; sourceTree = "<group>"; };
		BE64E37421343A62009E6BF6 /* GoogleMobileAds.framework */ = {isa = PBXFileReference; lastKnownFileType = wrapper.framework; path = GoogleMobileAds.framework; sourceTree = "<group>"; };
		BE64E37521343A62009E6BF6 /* README.txt */ = {isa = PBXFileReference; fileEncoding = 4; lastKnownFileType = text; path = README.txt; sourceTree = "<group>"; };
		BE64E39E21343A62009E6BF6 /* AdInstlAdapterYouMi.m */ = {isa = PBXFileReference; fileEncoding = 4; lastKnownFileType = sourcecode.c.objc; path = AdInstlAdapterYouMi.m; sourceTree = "<group>"; };
		BE64E39F21343A62009E6BF6 /* AdInstlAdapterYouMi.h */ = {isa = PBXFileReference; fileEncoding = 4; lastKnownFileType = sourcecode.c.h; path = AdInstlAdapterYouMi.h; sourceTree = "<group>"; };
		BE64E3A121343A62009E6BF6 /* sdk_v2.13_2015-05-14.a */ = {isa = PBXFileReference; lastKnownFileType = archive.ar; path = "sdk_v2.13_2015-05-14.a"; sourceTree = "<group>"; };
		BE64E3A221343A62009E6BF6 /* ConfigHeader.h */ = {isa = PBXFileReference; fileEncoding = 4; lastKnownFileType = sourcecode.c.h; path = ConfigHeader.h; sourceTree = "<group>"; };
		BE64E3A321343A62009E6BF6 /* NewWorldSpt.h */ = {isa = PBXFileReference; fileEncoding = 4; lastKnownFileType = sourcecode.c.h; path = NewWorldSpt.h; sourceTree = "<group>"; };
		BE64E4A021343A62009E6BF6 /* AdViewToolX.mm */ = {isa = PBXFileReference; fileEncoding = 4; lastKnownFileType = sourcecode.cpp.objcpp; path = AdViewToolX.mm; sourceTree = "<group>"; };
		BE64E4A121343A62009E6BF6 /* AdViewController.m */ = {isa = PBXFileReference; fileEncoding = 4; lastKnownFileType = sourcecode.c.objc; path = AdViewController.m; sourceTree = "<group>"; };
		BE64E4A821343A62009E6BF6 /* AdViewController.h */ = {isa = PBXFileReference; fileEncoding = 4; lastKnownFileType = sourcecode.c.h; path = AdViewController.h; sourceTree = "<group>"; };
		BE64E4AA21343A62009E6BF6 /* SimMethod.cpp */ = {isa = PBXFileReference; fileEncoding = 4; lastKnownFileType = sourcecode.cpp.cpp; path = SimMethod.cpp; sourceTree = "<group>"; };
		BE64E4AB21343A62009E6BF6 /* AdViewToolX.h */ = {isa = PBXFileReference; fileEncoding = 4; lastKnownFileType = sourcecode.c.h; path = AdViewToolX.h; sourceTree = "<group>"; };
		BE64E4AD21343A62009E6BF6 /* AdNativeManager.h */ = {isa = PBXFileReference; fileEncoding = 4; lastKnownFileType = sourcecode.c.h; path = AdNativeManager.h; sourceTree = "<group>"; };
		BE64E4AE21343A62009E6BF6 /* AdInstlManager.h */ = {isa = PBXFileReference; fileEncoding = 4; lastKnownFileType = sourcecode.c.h; path = AdInstlManager.h; sourceTree = "<group>"; };
		BE64E4AF21343A62009E6BF6 /* AdViewDelegateProtocol.h */ = {isa = PBXFileReference; fileEncoding = 4; lastKnownFileType = sourcecode.c.h; path = AdViewDelegateProtocol.h; sourceTree = "<group>"; };
		BE64E4B021343A62009E6BF6 /* AdSpreadScreenUtils.h */ = {isa = PBXFileReference; fileEncoding = 4; lastKnownFileType = sourcecode.c.h; path = AdSpreadScreenUtils.h; sourceTree = "<group>"; };
		BE64E4B121343A62009E6BF6 /* AdSpreadScreenManager.h */ = {isa = PBXFileReference; fileEncoding = 4; lastKnownFileType = sourcecode.c.h; path = AdSpreadScreenManager.h; sourceTree = "<group>"; };
		BE64E4B221343A62009E6BF6 /* AdSpreadScreenManagerDelegate.h */ = {isa = PBXFileReference; fileEncoding = 4; lastKnownFileType = sourcecode.c.h; path = AdSpreadScreenManagerDelegate.h; sourceTree = "<group>"; };
		BE64E4B421343A62009E6BF6 /* AdInstlManagerImpl.h */ = {isa = PBXFileReference; fileEncoding = 4; lastKnownFileType = sourcecode.c.h; path = AdInstlManagerImpl.h; sourceTree = "<group>"; };
		BE64E4B521343A62009E6BF6 /* AdViewViewImpl.h */ = {isa = PBXFileReference; fileEncoding = 4; lastKnownFileType = sourcecode.c.h; path = AdViewViewImpl.h; sourceTree = "<group>"; };
		BE64E4B621343A62009E6BF6 /* AdViewCommonDef.h */ = {isa = PBXFileReference; fileEncoding = 4; lastKnownFileType = sourcecode.c.h; path = AdViewCommonDef.h; sourceTree = "<group>"; };
		BE64E4B721343A62009E6BF6 /* adViewAdNetworkConfig.h */ = {isa = PBXFileReference; fileEncoding = 4; lastKnownFileType = sourcecode.c.h; path = adViewAdNetworkConfig.h; sourceTree = "<group>"; };
		BE64E4B821343A62009E6BF6 /* AdViewExtraManager.h */ = {isa = PBXFileReference; fileEncoding = 4; lastKnownFileType = sourcecode.c.h; path = AdViewExtraManager.h; sourceTree = "<group>"; };
		BE64E4B921343A62009E6BF6 /* AdCommonNetworkType.h */ = {isa = PBXFileReference; fileEncoding = 4; lastKnownFileType = sourcecode.c.h; path = AdCommonNetworkType.h; sourceTree = "<group>"; };
		BE64E4BA21343A62009E6BF6 /* AdInstlAdNetworkAdapter.h */ = {isa = PBXFileReference; fileEncoding = 4; lastKnownFileType = sourcecode.c.h; path = AdInstlAdNetworkAdapter.h; sourceTree = "<group>"; };
		BE64E4BB21343A62009E6BF6 /* AdNativeManagerImpl.h */ = {isa = PBXFileReference; fileEncoding = 4; lastKnownFileType = sourcecode.c.h; path = AdNativeManagerImpl.h; sourceTree = "<group>"; };
		BE64E4BC21343A62009E6BF6 /* AdVideoManagerImpl.h */ = {isa = PBXFileReference; fileEncoding = 4; lastKnownFileType = sourcecode.c.h; path = AdVideoManagerImpl.h; sourceTree = "<group>"; };
		BE64E4BD21343A62009E6BF6 /* AdViewAdNetworkAdapter.h */ = {isa = PBXFileReference; fileEncoding = 4; lastKnownFileType = sourcecode.c.h; path = AdViewAdNetworkAdapter.h; sourceTree = "<group>"; };
		BE64E4BE21343A62009E6BF6 /* AdNativeAdNetworkAdapter.h */ = {isa = PBXFileReference; fileEncoding = 4; lastKnownFileType = sourcecode.c.h; path = AdNativeAdNetworkAdapter.h; sourceTree = "<group>"; };
		BE64E4BF21343A62009E6BF6 /* AdViewDeviceCollector.h */ = {isa = PBXFileReference; fileEncoding = 4; lastKnownFileType = sourcecode.c.h; path = AdViewDeviceCollector.h; sourceTree = "<group>"; };
		BE64E4C021343A62009E6BF6 /* AdSpreadScreenAdNetworkAdapter.h */ = {isa = PBXFileReference; fileEncoding = 4; lastKnownFileType = sourcecode.c.h; path = AdSpreadScreenAdNetworkAdapter.h; sourceTree = "<group>"; };
		BE64E4C121343A62009E6BF6 /* SingletonAdapterBase.h */ = {isa = PBXFileReference; fileEncoding = 4; lastKnownFileType = sourcecode.c.h; path = SingletonAdapterBase.h; sourceTree = "<group>"; };
		BE64E4C221343A62009E6BF6 /* AdSpreadScreenManagerImpl.h */ = {isa = PBXFileReference; fileEncoding = 4; lastKnownFileType = sourcecode.c.h; path = AdSpreadScreenManagerImpl.h; sourceTree = "<group>"; };
		BE64E4C321343A62009E6BF6 /* AdviewObjCollector.h */ = {isa = PBXFileReference; fileEncoding = 4; lastKnownFileType = sourcecode.c.h; path = AdviewObjCollector.h; sourceTree = "<group>"; };
		BE64E4C421343A62009E6BF6 /* adViewLog.h */ = {isa = PBXFileReference; fileEncoding = 4; lastKnownFileType = sourcecode.c.h; path = adViewLog.h; sourceTree = "<group>"; };
		BE64E4C521343A62009E6BF6 /* adViewAdNetworkRegistry.h */ = {isa = PBXFileReference; fileEncoding = 4; lastKnownFileType = sourcecode.c.h; path = adViewAdNetworkRegistry.h; sourceTree = "<group>"; };
		BE64E4C621343A62009E6BF6 /* AdVideoAdNetworkAdapter.h */ = {isa = PBXFileReference; fileEncoding = 4; lastKnownFileType = sourcecode.c.h; path = AdVideoAdNetworkAdapter.h; sourceTree = "<group>"; };
		BE64E4C721343A62009E6BF6 /* AWNetworkReachabilityWrapper.h */ = {isa = PBXFileReference; fileEncoding = 4; lastKnownFileType = sourcecode.c.h; path = AWNetworkReachabilityWrapper.h; sourceTree = "<group>"; };
		BE64E4C821343A62009E6BF6 /* adViewConfig.h */ = {isa = PBXFileReference; fileEncoding = 4; lastKnownFileType = sourcecode.c.h; path = adViewConfig.h; sourceTree = "<group>"; };
		BE64E4C921343A62009E6BF6 /* adViewAdNetworkAdapter+Helpers.h */ = {isa = PBXFileReference; fileEncoding = 4; lastKnownFileType = sourcecode.c.h; path = "adViewAdNetworkAdapter+Helpers.h"; sourceTree = "<group>"; };
		BE64E4CA21343A62009E6BF6 /* AWNetworkReachabilityDelegate.h */ = {isa = PBXFileReference; fileEncoding = 4; lastKnownFileType = sourcecode.c.h; path = AWNetworkReachabilityDelegate.h; sourceTree = "<group>"; };
		BE64E4CB21343A62009E6BF6 /* AdNativeManagerDelegate.h */ = {isa = PBXFileReference; fileEncoding = 4; lastKnownFileType = sourcecode.c.h; path = AdNativeManagerDelegate.h; sourceTree = "<group>"; };
		BE64E4CC21343A62009E6BF6 /* libAdViewSDK.a */ = {isa = PBXFileReference; lastKnownFileType = archive.ar; path = libAdViewSDK.a; sourceTree = "<group>"; };
		BE64E4CD21343A62009E6BF6 /* AdViewView.h */ = {isa = PBXFileReference; fileEncoding = 4; lastKnownFileType = sourcecode.c.h; path = AdViewView.h; sourceTree = "<group>"; };
		BE64E4CE21343A62009E6BF6 /* AdInstlManagerDelegate.h */ = {isa = PBXFileReference; fileEncoding = 4; lastKnownFileType = sourcecode.c.h; path = AdInstlManagerDelegate.h; sourceTree = "<group>"; };
		BE64E4CF21343A62009E6BF6 /* AdVideoManagerDelegate.h */ = {isa = PBXFileReference; fileEncoding = 4; lastKnownFileType = sourcecode.c.h; path = AdVideoManagerDelegate.h; sourceTree = "<group>"; };
		BE64E4D021343A62009E6BF6 /* AdVideoManager.h */ = {isa = PBXFileReference; fileEncoding = 4; lastKnownFileType = sourcecode.c.h; path = AdVideoManager.h; sourceTree = "<group>"; };
		BE64E4D121343A62009E6BF6 /* AdViewRes.bundle */ = {isa = PBXFileReference; lastKnownFileType = "wrapper.plug-in"; path = AdViewRes.bundle; sourceTree = "<group>"; };
		BE64E4D221343A62009E6BF6 /* AdViewConfigStore.h */ = {isa = PBXFileReference; fileEncoding = 4; lastKnownFileType = sourcecode.c.h; path = AdViewConfigStore.h; sourceTree = "<group>"; };
		BE64E4D321343A62009E6BF6 /* AdViewUtils.h */ = {isa = PBXFileReference; fileEncoding = 4; lastKnownFileType = sourcecode.c.h; path = AdViewUtils.h; sourceTree = "<group>"; };
		BE64E4D421343A62009E6BF6 /* AdViewNativeAdInfo.h */ = {isa = PBXFileReference; fileEncoding = 4; lastKnownFileType = sourcecode.c.h; path = AdViewNativeAdInfo.h; sourceTree = "<group>"; };
		BE64E4D521343A62009E6BF6 /* AdInstlUtils.h */ = {isa = PBXFileReference; fileEncoding = 4; lastKnownFileType = sourcecode.c.h; path = AdInstlUtils.h; sourceTree = "<group>"; };
		BE64E4D621343A62009E6BF6 /* AdVideoUtils.h */ = {isa = PBXFileReference; fileEncoding = 4; lastKnownFileType = sourcecode.c.h; path = AdVideoUtils.h; sourceTree = "<group>"; };
		BE64E4D721343A62009E6BF6 /* AdNativeUtils.h */ = {isa = PBXFileReference; fileEncoding = 4; lastKnownFileType = sourcecode.c.h; path = AdNativeUtils.h; sourceTree = "<group>"; };
		BE64E61121343D9A009E6BF6 /* AdSupport.framework */ = {isa = PBXFileReference; lastKnownFileType = wrapper.framework; name = AdSupport.framework; path = System/Library/Frameworks/AdSupport.framework; sourceTree = SDKROOT; };
		BE64E61321343DA7009E6BF6 /* AddressBook.framework */ = {isa = PBXFileReference; lastKnownFileType = wrapper.framework; name = AddressBook.framework; path = System/Library/Frameworks/AddressBook.framework; sourceTree = SDKROOT; };
		BE64E61521343DB4009E6BF6 /* libc++.tbd */ = {isa = PBXFileReference; lastKnownFileType = "sourcecode.text-based-dylib-definition"; name = "libc++.tbd"; path = "usr/lib/libc++.tbd"; sourceTree = SDKROOT; };
		BE64E61721343DBC009E6BF6 /* libsqlite3.tbd */ = {isa = PBXFileReference; lastKnownFileType = "sourcecode.text-based-dylib-definition"; name = libsqlite3.tbd; path = usr/lib/libsqlite3.tbd; sourceTree = SDKROOT; };
		BE64E61921343DC4009E6BF6 /* libxml2.tbd */ = {isa = PBXFileReference; lastKnownFileType = "sourcecode.text-based-dylib-definition"; name = libxml2.tbd; path = usr/lib/libxml2.tbd; sourceTree = SDKROOT; };
		BE64E61B21343DCB009E6BF6 /* libz.tbd */ = {isa = PBXFileReference; lastKnownFileType = "sourcecode.text-based-dylib-definition"; name = libz.tbd; path = usr/lib/libz.tbd; sourceTree = SDKROOT; };
		BE64E61D21343DDF009E6BF6 /* QuartzCore.framework */ = {isa = PBXFileReference; lastKnownFileType = wrapper.framework; name = QuartzCore.framework; path = System/Library/Frameworks/QuartzCore.framework; sourceTree = SDKROOT; };
		BE64E61F21343DEB009E6BF6 /* SystemConfiguration.framework */ = {isa = PBXFileReference; lastKnownFileType = wrapper.framework; name = SystemConfiguration.framework; path = System/Library/Frameworks/SystemConfiguration.framework; sourceTree = SDKROOT; };
		BE64E62121343DF5009E6BF6 /* CoreTelephony.framework */ = {isa = PBXFileReference; lastKnownFileType = wrapper.framework; name = CoreTelephony.framework; path = System/Library/Frameworks/CoreTelephony.framework; sourceTree = SDKROOT; };
		BE64E62521343E08009E6BF6 /* Security.framework */ = {isa = PBXFileReference; lastKnownFileType = wrapper.framework; name = Security.framework; path = System/Library/Frameworks/Security.framework; sourceTree = SDKROOT; };
		BE64E62721343E1A009E6BF6 /* CFNetwork.framework */ = {isa = PBXFileReference; lastKnownFileType = wrapper.framework; name = CFNetwork.framework; path = System/Library/Frameworks/CFNetwork.framework; sourceTree = SDKROOT; };
		BE64E62921343E27009E6BF6 /* ImageIO.framework */ = {isa = PBXFileReference; lastKnownFileType = wrapper.framework; name = ImageIO.framework; path = System/Library/Frameworks/ImageIO.framework; sourceTree = SDKROOT; };
		BE64E62B21343E35009E6BF6 /* CoreMotion.framework */ = {isa = PBXFileReference; lastKnownFileType = wrapper.framework; name = CoreMotion.framework; path = System/Library/Frameworks/CoreMotion.framework; sourceTree = SDKROOT; };
		BE64E62D21343ED9009E6BF6 /* Metal.framework */ = {isa = PBXFileReference; lastKnownFileType = wrapper.framework; name = Metal.framework; path = System/Library/Frameworks/Metal.framework; sourceTree = SDKROOT; };
		BE64E63021343EF1009E6BF6 /* MobileCoreServices.framework */ = {isa = PBXFileReference; lastKnownFileType = wrapper.framework; name = MobileCoreServices.framework; path = System/Library/Frameworks/MobileCoreServices.framework; sourceTree = SDKROOT; };
		BE64E63421343F04009E6BF6 /* Social.framework */ = {isa = PBXFileReference; lastKnownFileType = wrapper.framework; name = Social.framework; path = System/Library/Frameworks/Social.framework; sourceTree = SDKROOT; };
		BE64E63621343F0C009E6BF6 /* AudioToolbox.framework */ = {isa = PBXFileReference; lastKnownFileType = wrapper.framework; name = AudioToolbox.framework; path = System/Library/Frameworks/AudioToolbox.framework; sourceTree = SDKROOT; };
		BE64E63821343F1C009E6BF6 /* AVFoundation.framework */ = {isa = PBXFileReference; lastKnownFileType = wrapper.framework; name = AVFoundation.framework; path = System/Library/Frameworks/AVFoundation.framework; sourceTree = SDKROOT; };
		BE64E63A21343F26009E6BF6 /* CoreGraphics.framework */ = {isa = PBXFileReference; lastKnownFileType = wrapper.framework; name = CoreGraphics.framework; path = System/Library/Frameworks/CoreGraphics.framework; sourceTree = SDKROOT; };
		BE64E63C21343F30009E6BF6 /* CoreMedia.framework */ = {isa = PBXFileReference; lastKnownFileType = wrapper.framework; name = CoreMedia.framework; path = System/Library/Frameworks/CoreMedia.framework; sourceTree = SDKROOT; };
		BE64E63E21343F3B009E6BF6 /* CoreVideo.framework */ = {isa = PBXFileReference; lastKnownFileType = wrapper.framework; name = CoreVideo.framework; path = System/Library/Frameworks/CoreVideo.framework; sourceTree = SDKROOT; };
		BE64E64021343F42009E6BF6 /* MediaPlayer.framework */ = {isa = PBXFileReference; lastKnownFileType = wrapper.framework; name = MediaPlayer.framework; path = System/Library/Frameworks/MediaPlayer.framework; sourceTree = SDKROOT; };
		BE64E64221343F4A009E6BF6 /* MessageUI.framework */ = {isa = PBXFileReference; lastKnownFileType = wrapper.framework; name = MessageUI.framework; path = System/Library/Frameworks/MessageUI.framework; sourceTree = SDKROOT; };
		BE64E64421343F5B009E6BF6 /* EventKit.framework */ = {isa = PBXFileReference; lastKnownFileType = wrapper.framework; name = EventKit.framework; path = System/Library/Frameworks/EventKit.framework; sourceTree = SDKROOT; };
		BE64E64621343F63009E6BF6 /* EventKitUI.framework */ = {isa = PBXFileReference; lastKnownFileType = wrapper.framework; name = EventKitUI.framework; path = System/Library/Frameworks/EventKitUI.framework; sourceTree = SDKROOT; };
		BE64E64821343F6B009E6BF6 /* Foundation.framework */ = {isa = PBXFileReference; lastKnownFileType = wrapper.framework; name = Foundation.framework; path = System/Library/Frameworks/Foundation.framework; sourceTree = SDKROOT; };
		BE64E64A21343F75009E6BF6 /* UIKit.framework */ = {isa = PBXFileReference; lastKnownFileType = wrapper.framework; name = UIKit.framework; path = System/Library/Frameworks/UIKit.framework; sourceTree = SDKROOT; };
		BE64E64C21343F7C009E6BF6 /* Twitter.framework */ = {isa = PBXFileReference; lastKnownFileType = wrapper.framework; name = Twitter.framework; path = System/Library/Frameworks/Twitter.framework; sourceTree = SDKROOT; };
		BE64E64E21343F83009E6BF6 /* AssetsLibrary.framework */ = {isa = PBXFileReference; lastKnownFileType = wrapper.framework; name = AssetsLibrary.framework; path = System/Library/Frameworks/AssetsLibrary.framework; sourceTree = SDKROOT; };
		BE64E65021343F8A009E6BF6 /* Accounts.framework */ = {isa = PBXFileReference; lastKnownFileType = wrapper.framework; name = Accounts.framework; path = System/Library/Frameworks/Accounts.framework; sourceTree = SDKROOT; };
		BE64E65221343F92009E6BF6 /* WebKit.framework */ = {isa = PBXFileReference; lastKnownFileType = wrapper.framework; name = WebKit.framework; path = System/Library/Frameworks/WebKit.framework; sourceTree = SDKROOT; };
		BE64E65421343F9F009E6BF6 /* libz.1.2.5.tbd */ = {isa = PBXFileReference; lastKnownFileType = "sourcecode.text-based-dylib-definition"; name = libz.1.2.5.tbd; path = usr/lib/libz.1.2.5.tbd; sourceTree = SDKROOT; };
		BE64E659213440E2009E6BF6 /* Swift-Bridge-Objective-C.h */ = {isa = PBXFileReference; lastKnownFileType = sourcecode.c.h; path = "Swift-Bridge-Objective-C.h"; sourceTree = "<group>"; };
		BE64E65D213446C1009E6BF6 /* StoreKit.framework */ = {isa = PBXFileReference; lastKnownFileType = wrapper.framework; name = StoreKit.framework; path = System/Library/Frameworks/StoreKit.framework; sourceTree = SDKROOT; };
		BE64F3FC21359849009E6BF6 /* AdInstlAdapterGDTMob.m */ = {isa = PBXFileReference; fileEncoding = 4; lastKnownFileType = sourcecode.c.objc; path = AdInstlAdapterGDTMob.m; sourceTree = "<group>"; };
		BE64F3FD21359849009E6BF6 /* AdNativeAdapterGDTMob.m */ = {isa = PBXFileReference; fileEncoding = 4; lastKnownFileType = sourcecode.c.objc; path = AdNativeAdapterGDTMob.m; sourceTree = "<group>"; };
		BE64F3FE21359849009E6BF6 /* AdViewAdapterGDTMob.m */ = {isa = PBXFileReference; fileEncoding = 4; lastKnownFileType = sourcecode.c.objc; path = AdViewAdapterGDTMob.m; sourceTree = "<group>"; };
		BE64F3FF21359849009E6BF6 /* AdSplashAdapterGDTMob.m */ = {isa = PBXFileReference; fileEncoding = 4; lastKnownFileType = sourcecode.c.objc; path = AdSplashAdapterGDTMob.m; sourceTree = "<group>"; };
		BE64F40021359849009E6BF6 /* AdInstlAdapterGDTMob.h */ = {isa = PBXFileReference; fileEncoding = 4; lastKnownFileType = sourcecode.c.h; path = AdInstlAdapterGDTMob.h; sourceTree = "<group>"; };
		BE64F40121359849009E6BF6 /* AdViewAdapterGDTMob.h */ = {isa = PBXFileReference; fileEncoding = 4; lastKnownFileType = sourcecode.c.h; path = AdViewAdapterGDTMob.h; sourceTree = "<group>"; };
		BE64F40221359849009E6BF6 /* AdNativeAdapterGDTMob.h */ = {isa = PBXFileReference; fileEncoding = 4; lastKnownFileType = sourcecode.c.h; path = AdNativeAdapterGDTMob.h; sourceTree = "<group>"; };
		BE64F40321359849009E6BF6 /* AdSplashAdapterGDTMob.h */ = {isa = PBXFileReference; fileEncoding = 4; lastKnownFileType = sourcecode.c.h; path = AdSplashAdapterGDTMob.h; sourceTree = "<group>"; };
		BE64F40521359849009E6BF6 /* GDTMobBannerView.h */ = {isa = PBXFileReference; fileEncoding = 4; lastKnownFileType = sourcecode.c.h; path = GDTMobBannerView.h; sourceTree = "<group>"; };
		BE64F40621359849009E6BF6 /* GDTTrack.h */ = {isa = PBXFileReference; fileEncoding = 4; lastKnownFileType = sourcecode.c.h; path = GDTTrack.h; sourceTree = "<group>"; };
		BE64F40721359849009E6BF6 /* GDTNativeAd.h */ = {isa = PBXFileReference; fileEncoding = 4; lastKnownFileType = sourcecode.c.h; path = GDTNativeAd.h; sourceTree = "<group>"; };
		BE64F40821359849009E6BF6 /* GDTMobInterstitial.h */ = {isa = PBXFileReference; fileEncoding = 4; lastKnownFileType = sourcecode.c.h; path = GDTMobInterstitial.h; sourceTree = "<group>"; };
		BE64F40921359849009E6BF6 /* GDTSplashAd.h */ = {isa = PBXFileReference; fileEncoding = 4; lastKnownFileType = sourcecode.c.h; path = GDTSplashAd.h; sourceTree = "<group>"; };
		BE64F40A21359849009E6BF6 /* libGDTMobSDK.a */ = {isa = PBXFileReference; lastKnownFileType = archive.ar; path = libGDTMobSDK.a; sourceTree = "<group>"; };
		BE64F54721382C07009E6BF6 /* ZHRandomFoodController.swift */ = {isa = PBXFileReference; lastKnownFileType = sourcecode.swift; path = ZHRandomFoodController.swift; sourceTree = "<group>"; };
		BE64F54C21391DE2009E6BF6 /* ZHLocationHelper.swift */ = {isa = PBXFileReference; lastKnownFileType = sourcecode.swift; path = ZHLocationHelper.swift; sourceTree = "<group>"; };
		BE64F55021394280009E6BF6 /* ZHDiningRoomController.swift */ = {isa = PBXFileReference; lastKnownFileType = sourcecode.swift; path = ZHDiningRoomController.swift; sourceTree = "<group>"; };
		BE64F555213942A1009E6BF6 /* ZHDiningRoomView.swift */ = {isa = PBXFileReference; lastKnownFileType = sourcecode.swift; path = ZHDiningRoomView.swift; sourceTree = "<group>"; };
		BE64F557213942D9009E6BF6 /* ZHDiningRoomView.xib */ = {isa = PBXFileReference; lastKnownFileType = file.xib; path = ZHDiningRoomView.xib; sourceTree = "<group>"; };
		BE996EF8213AD5FD00B2D450 /* ZHDiningRoom.swift */ = {isa = PBXFileReference; lastKnownFileType = sourcecode.swift; path = ZHDiningRoom.swift; sourceTree = "<group>"; };
		BE996EFA213AD63700B2D450 /* ZHFood.swift */ = {isa = PBXFileReference; lastKnownFileType = sourcecode.swift; path = ZHFood.swift; sourceTree = "<group>"; };
		BE996EFD213ADE3900B2D450 /* ZHRandomController.swift */ = {isa = PBXFileReference; lastKnownFileType = sourcecode.swift; path = ZHRandomController.swift; sourceTree = "<group>"; };
		BE996EFF213AEEC100B2D450 /* SDK20181227120814372t7f1vq4n2ehu.txt */ = {isa = PBXFileReference; fileEncoding = 4; lastKnownFileType = text; path = SDK20181227120814372t7f1vq4n2ehu.txt; sourceTree = "<group>"; };
		BE996F02213D760A00B2D450 /* ZHRandomView.swift */ = {isa = PBXFileReference; lastKnownFileType = sourcecode.swift; path = ZHRandomView.swift; sourceTree = "<group>"; };
		BE996F04213D761900B2D450 /* ZHRandomView.xib */ = {isa = PBXFileReference; lastKnownFileType = file.xib; path = ZHRandomView.xib; sourceTree = "<group>"; };
		BE996F06213EB4AC00B2D450 /* ZHFoodView.swift */ = {isa = PBXFileReference; lastKnownFileType = sourcecode.swift; path = ZHFoodView.swift; sourceTree = "<group>"; };
		BE996F08213EB4B500B2D450 /* ZHFoodView.xib */ = {isa = PBXFileReference; lastKnownFileType = file.xib; path = ZHFoodView.xib; sourceTree = "<group>"; };
		BE996F0B213F5DB600B2D450 /* ZHBaseController.swift */ = {isa = PBXFileReference; lastKnownFileType = sourcecode.swift; path = ZHBaseController.swift; sourceTree = "<group>"; };
		BE996F49214208AA00B2D450 /* ZHNavTitleView.swift */ = {isa = PBXFileReference; lastKnownFileType = sourcecode.swift; path = ZHNavTitleView.swift; sourceTree = "<group>"; };
		BE996F4B214208B200B2D450 /* ZHNavTitleView.xib */ = {isa = PBXFileReference; lastKnownFileType = file.xib; path = ZHNavTitleView.xib; sourceTree = "<group>"; };
/* End PBXFileReference section */

/* Begin PBXFrameworksBuildPhase section */
		BE64E13721311995009E6BF6 /* Frameworks */ = {
			isa = PBXFrameworksBuildPhase;
			buildActionMask = 2147483647;
			files = (
				BE64E65521343F9F009E6BF6 /* libz.1.2.5.tbd in Frameworks */,
				BE64E65321343F92009E6BF6 /* WebKit.framework in Frameworks */,
				BE64E65121343F8A009E6BF6 /* Accounts.framework in Frameworks */,
				BE64F40F21359849009E6BF6 /* libGDTMobSDK.a in Frameworks */,
				BE64E64F21343F83009E6BF6 /* AssetsLibrary.framework in Frameworks */,
				BE64E64D21343F7C009E6BF6 /* Twitter.framework in Frameworks */,
				BE64E64B21343F75009E6BF6 /* UIKit.framework in Frameworks */,
				BE64E64921343F6B009E6BF6 /* Foundation.framework in Frameworks */,
				BE64E64721343F63009E6BF6 /* EventKitUI.framework in Frameworks */,
				BE64E64521343F5C009E6BF6 /* EventKit.framework in Frameworks */,
				BE64E61E21343DDF009E6BF6 /* QuartzCore.framework in Frameworks */,
				BE64E64321343F4A009E6BF6 /* MessageUI.framework in Frameworks */,
				BE64E64121343F43009E6BF6 /* MediaPlayer.framework in Frameworks */,
				BE64E63F21343F3B009E6BF6 /* CoreVideo.framework in Frameworks */,
				BE64E63D21343F30009E6BF6 /* CoreMedia.framework in Frameworks */,
				BE64E63B21343F26009E6BF6 /* CoreGraphics.framework in Frameworks */,
				BE64E63921343F1C009E6BF6 /* AVFoundation.framework in Frameworks */,
				BE64E61421343DA7009E6BF6 /* AddressBook.framework in Frameworks */,
				BE64E63721343F0C009E6BF6 /* AudioToolbox.framework in Frameworks */,
				BE64E63521343F04009E6BF6 /* Social.framework in Frameworks */,
				BE64E63121343EF1009E6BF6 /* MobileCoreServices.framework in Frameworks */,
				BE64E62F21343EE4009E6BF6 /* MapKit.framework in Frameworks */,
				BE64E62E21343ED9009E6BF6 /* Metal.framework in Frameworks */,
				BE64E62C21343E35009E6BF6 /* CoreMotion.framework in Frameworks */,
				BE64E62A21343E27009E6BF6 /* ImageIO.framework in Frameworks */,
				BE64E65E213446C1009E6BF6 /* StoreKit.framework in Frameworks */,
				BE64E62821343E1A009E6BF6 /* CFNetwork.framework in Frameworks */,
				BE64E62621343E08009E6BF6 /* Security.framework in Frameworks */,
				BE64E62221343DF5009E6BF6 /* CoreTelephony.framework in Frameworks */,
				BE64E62021343DEB009E6BF6 /* SystemConfiguration.framework in Frameworks */,
				BE64E61C21343DCB009E6BF6 /* libz.tbd in Frameworks */,
				BE64E61A21343DC4009E6BF6 /* libxml2.tbd in Frameworks */,
				BE64E61821343DBC009E6BF6 /* libsqlite3.tbd in Frameworks */,
				BE64E61621343DB4009E6BF6 /* libc++.tbd in Frameworks */,
				BE64E61221343D9A009E6BF6 /* AdSupport.framework in Frameworks */,
				BE64E16B2132936A009E6BF6 /* CoreLocation.framework in Frameworks */,
				BE64E59E21343A63009E6BF6 /* GoogleMobileAds.framework in Frameworks */,
				BE64E60F21343A63009E6BF6 /* libAdViewSDK.a in Frameworks */,
				BE4EFEE48A377D0A42387BFA /* Pods_RandomFood.framework in Frameworks */,
				BE64E5AD21343A63009E6BF6 /* sdk_v2.13_2015-05-14.a in Frameworks */,
			);
			runOnlyForDeploymentPostprocessing = 0;
		};
/* End PBXFrameworksBuildPhase section */

/* Begin PBXGroup section */
		840E56614A0449A8E4F82E07 /* Pods */ = {
			isa = PBXGroup;
			children = (
				7DF4B565849C8ACCB1BA223F /* Pods-RandomFood.debug.xcconfig */,
				B4A0ED4A3736E9E11C38A886 /* Pods-RandomFood.release.xcconfig */,
			);
			name = Pods;
			sourceTree = "<group>";
		};
		A074193C9E997BEE11E281FE /* Frameworks */ = {
			isa = PBXGroup;
			children = (
				BE64E65D213446C1009E6BF6 /* StoreKit.framework */,
				BE64E65421343F9F009E6BF6 /* libz.1.2.5.tbd */,
				BE64E65221343F92009E6BF6 /* WebKit.framework */,
				BE64E65021343F8A009E6BF6 /* Accounts.framework */,
				BE64E64E21343F83009E6BF6 /* AssetsLibrary.framework */,
				BE64E64C21343F7C009E6BF6 /* Twitter.framework */,
				BE64E64A21343F75009E6BF6 /* UIKit.framework */,
				BE64E64821343F6B009E6BF6 /* Foundation.framework */,
				BE64E64621343F63009E6BF6 /* EventKitUI.framework */,
				BE64E64421343F5B009E6BF6 /* EventKit.framework */,
				BE64E64221343F4A009E6BF6 /* MessageUI.framework */,
				BE64E64021343F42009E6BF6 /* MediaPlayer.framework */,
				BE64E63E21343F3B009E6BF6 /* CoreVideo.framework */,
				BE64E63C21343F30009E6BF6 /* CoreMedia.framework */,
				BE64E63A21343F26009E6BF6 /* CoreGraphics.framework */,
				BE64E63821343F1C009E6BF6 /* AVFoundation.framework */,
				BE64E63621343F0C009E6BF6 /* AudioToolbox.framework */,
				BE64E63421343F04009E6BF6 /* Social.framework */,
				BE64E63021343EF1009E6BF6 /* MobileCoreServices.framework */,
				BE64E62D21343ED9009E6BF6 /* Metal.framework */,
				BE64E62B21343E35009E6BF6 /* CoreMotion.framework */,
				BE64E62921343E27009E6BF6 /* ImageIO.framework */,
				BE64E62721343E1A009E6BF6 /* CFNetwork.framework */,
				BE64E62521343E08009E6BF6 /* Security.framework */,
				BE64E62121343DF5009E6BF6 /* CoreTelephony.framework */,
				BE64E61F21343DEB009E6BF6 /* SystemConfiguration.framework */,
				BE64E61D21343DDF009E6BF6 /* QuartzCore.framework */,
				BE64E61B21343DCB009E6BF6 /* libz.tbd */,
				BE64E61921343DC4009E6BF6 /* libxml2.tbd */,
				BE64E61721343DBC009E6BF6 /* libsqlite3.tbd */,
				BE64E61521343DB4009E6BF6 /* libc++.tbd */,
				BE64E61321343DA7009E6BF6 /* AddressBook.framework */,
				BE64E61121343D9A009E6BF6 /* AdSupport.framework */,
				BE64E16A2132936A009E6BF6 /* CoreLocation.framework */,
				BE64E16621328D89009E6BF6 /* MapKit.framework */,
				32291C488AB180ADBA95CCB9 /* Pods_RandomFood.framework */,
			);
			name = Frameworks;
			sourceTree = "<group>";
		};
		BE5FAFE12143991900F8A566 /* Common */ = {
			isa = PBXGroup;
			children = (
				BE5FAFE72143A1B500F8A566 /* ZHRandomFoodDefine.swift */,
				BE5FAFE6214399F500F8A566 /* Cell */,
			);
			path = Common;
			sourceTree = "<group>";
		};
		BE5FAFE6214399F500F8A566 /* Cell */ = {
			isa = PBXGroup;
			children = (
				BE5FAFE2214399F000F8A566 /* ZHShowItemCell.swift */,
				BE5FAFE3214399F000F8A566 /* ZHShowItemCell.xib */,
			);
			path = Cell;
			sourceTree = "<group>";
		};
		BE5FAFEB2143CCB400F8A566 /* Setting */ = {
			isa = PBXGroup;
			children = (
				BE5FAFEC2143CCD600F8A566 /* ZHSettingController.swift */,
			);
			path = Setting;
			sourceTree = "<group>";
		};
		BE64E13121311994009E6BF6 = {
			isa = PBXGroup;
			children = (
				BE996EFF213AEEC100B2D450 /* SDK20181227120814372t7f1vq4n2ehu.txt */,
				BE64E13C21311995009E6BF6 /* RandomFood */,
				BE64E13B21311995009E6BF6 /* Products */,
				840E56614A0449A8E4F82E07 /* Pods */,
				A074193C9E997BEE11E281FE /* Frameworks */,
			);
			sourceTree = "<group>";
		};
		BE64E13B21311995009E6BF6 /* Products */ = {
			isa = PBXGroup;
			children = (
				BE64E13A21311995009E6BF6 /* RandomFood.app */,
			);
			name = Products;
			sourceTree = "<group>";
		};
		BE64E13C21311995009E6BF6 /* RandomFood */ = {
			isa = PBXGroup;
			children = (
				BE64E152213285B9009E6BF6 /* UI */,
				BE64E14F2132718C009E6BF6 /* DAO */,
				BE64E1A021343A21009E6BF6 /* ADLibrary */,
				BE64E153213285C4009E6BF6 /* Resource */,
				BE64E13D21311995009E6BF6 /* AppDelegate.swift */,
				BE64E14621311996009E6BF6 /* LaunchScreen.storyboard */,
			);
			path = RandomFood;
			sourceTree = "<group>";
		};
		BE64E14F2132718C009E6BF6 /* DAO */ = {
			isa = PBXGroup;
			children = (
				BE64E150213271BB009E6BF6 /* ZHDataStore.swift */,
				BE996EF8213AD5FD00B2D450 /* ZHDiningRoom.swift */,
				BE996EFA213AD63700B2D450 /* ZHFood.swift */,
			);
			path = DAO;
			sourceTree = "<group>";
		};
		BE64E152213285B9009E6BF6 /* UI */ = {
			isa = PBXGroup;
			children = (
				BE5FAFEB2143CCB400F8A566 /* Setting */,
				BE996F0A213F5D9A00B2D450 /* Base */,
				BE996EFC213ADE1900B2D450 /* Random */,
				BE64F54F2139425D009E6BF6 /* DiningRoom  */,
				BE64F54621382BEA009E6BF6 /* Food */,
				BE64F54B21391DC9009E6BF6 /* Helpers */,
				BE5FAFE12143991900F8A566 /* Common */,
			);
			path = UI;
			sourceTree = "<group>";
		};
		BE64E153213285C4009E6BF6 /* Resource */ = {
			isa = PBXGroup;
			children = (
				BE64E14421311996009E6BF6 /* Assets.xcassets */,
				BE64E14921311996009E6BF6 /* Info.plist */,
				BE64E659213440E2009E6BF6 /* Swift-Bridge-Objective-C.h */,
			);
			path = Resource;
			sourceTree = "<group>";
		};
		BE64E1A021343A21009E6BF6 /* ADLibrary */ = {
			isa = PBXGroup;
			children = (
				BE64E1A121343A61009E6BF6 /* AdViewSDK-3.4.9 */,
			);
			path = ADLibrary;
			sourceTree = "<group>";
		};
		BE64E1A121343A61009E6BF6 /* AdViewSDK-3.4.9 */ = {
			isa = PBXGroup;
			children = (
				BE64E1A221343A61009E6BF6 /* AdNetworks */,
				BE64E49F21343A62009E6BF6 /* AdViewToolLevel */,
				BE64E4AC21343A62009E6BF6 /* AdView */,
			);
			path = "AdViewSDK-3.4.9";
			sourceTree = "<group>";
		};
		BE64E1A221343A61009E6BF6 /* AdNetworks */ = {
			isa = PBXGroup;
			children = (
				BE64F3FA21359849009E6BF6 /* GDTMob */,
				BE64E36D21343A62009E6BF6 /* GoogleAdMob */,
				BE64E39C21343A62009E6BF6 /* YouMi */,
			);
			path = AdNetworks;
			sourceTree = "<group>";
		};
		BE64E36D21343A62009E6BF6 /* GoogleAdMob */ = {
			isa = PBXGroup;
			children = (
				BE64E36E21343A62009E6BF6 /* adapter */,
				BE64E37321343A62009E6BF6 /* lib */,
			);
			path = GoogleAdMob;
			sourceTree = "<group>";
		};
		BE64E36E21343A62009E6BF6 /* adapter */ = {
			isa = PBXGroup;
			children = (
				BE64E36F21343A62009E6BF6 /* AdViewAdapterAdMob.h */,
				BE64E37021343A62009E6BF6 /* AdInstlAdapterAdMob.h */,
				BE64E37121343A62009E6BF6 /* AdViewAdapterAdMob.m */,
				BE64E37221343A62009E6BF6 /* AdInstlAdapterAdMob.m */,
			);
			path = adapter;
			sourceTree = "<group>";
		};
		BE64E37321343A62009E6BF6 /* lib */ = {
			isa = PBXGroup;
			children = (
				BE64E37421343A62009E6BF6 /* GoogleMobileAds.framework */,
				BE64E37521343A62009E6BF6 /* README.txt */,
			);
			path = lib;
			sourceTree = "<group>";
		};
		BE64E39C21343A62009E6BF6 /* YouMi */ = {
			isa = PBXGroup;
			children = (
				BE64E39D21343A62009E6BF6 /* adapter */,
				BE64E3A021343A62009E6BF6 /* lib */,
			);
			path = YouMi;
			sourceTree = "<group>";
		};
		BE64E39D21343A62009E6BF6 /* adapter */ = {
			isa = PBXGroup;
			children = (
				BE64E39E21343A62009E6BF6 /* AdInstlAdapterYouMi.m */,
				BE64E39F21343A62009E6BF6 /* AdInstlAdapterYouMi.h */,
			);
			path = adapter;
			sourceTree = "<group>";
		};
		BE64E3A021343A62009E6BF6 /* lib */ = {
			isa = PBXGroup;
			children = (
				BE64E3A121343A62009E6BF6 /* sdk_v2.13_2015-05-14.a */,
				BE64E3A221343A62009E6BF6 /* ConfigHeader.h */,
				BE64E3A321343A62009E6BF6 /* NewWorldSpt.h */,
			);
			path = lib;
			sourceTree = "<group>";
		};
		BE64E49F21343A62009E6BF6 /* AdViewToolLevel */ = {
			isa = PBXGroup;
			children = (
				BE64E4AB21343A62009E6BF6 /* AdViewToolX.h */,
				BE64E4A021343A62009E6BF6 /* AdViewToolX.mm */,
				BE64E4A821343A62009E6BF6 /* AdViewController.h */,
				BE64E4A121343A62009E6BF6 /* AdViewController.m */,
				BE64E4A921343A62009E6BF6 /* unity3d */,
			);
			path = AdViewToolLevel;
			sourceTree = "<group>";
		};
		BE64E4A921343A62009E6BF6 /* unity3d */ = {
			isa = PBXGroup;
			children = (
				BE64E4AA21343A62009E6BF6 /* SimMethod.cpp */,
			);
			path = unity3d;
			sourceTree = "<group>";
		};
		BE64E4AC21343A62009E6BF6 /* AdView */ = {
			isa = PBXGroup;
			children = (
				BE64E4B321343A62009E6BF6 /* include */,
				BE64E4AD21343A62009E6BF6 /* AdNativeManager.h */,
				BE64E4AE21343A62009E6BF6 /* AdInstlManager.h */,
				BE64E4AF21343A62009E6BF6 /* AdViewDelegateProtocol.h */,
				BE64E4B021343A62009E6BF6 /* AdSpreadScreenUtils.h */,
				BE64E4B121343A62009E6BF6 /* AdSpreadScreenManager.h */,
				BE64E4B221343A62009E6BF6 /* AdSpreadScreenManagerDelegate.h */,
				BE64E4CB21343A62009E6BF6 /* AdNativeManagerDelegate.h */,
				BE64E4CC21343A62009E6BF6 /* libAdViewSDK.a */,
				BE64E4CD21343A62009E6BF6 /* AdViewView.h */,
				BE64E4CE21343A62009E6BF6 /* AdInstlManagerDelegate.h */,
				BE64E4CF21343A62009E6BF6 /* AdVideoManagerDelegate.h */,
				BE64E4D021343A62009E6BF6 /* AdVideoManager.h */,
				BE64E4D121343A62009E6BF6 /* AdViewRes.bundle */,
				BE64E4D221343A62009E6BF6 /* AdViewConfigStore.h */,
				BE64E4D321343A62009E6BF6 /* AdViewUtils.h */,
				BE64E4D421343A62009E6BF6 /* AdViewNativeAdInfo.h */,
				BE64E4D521343A62009E6BF6 /* AdInstlUtils.h */,
				BE64E4D621343A62009E6BF6 /* AdVideoUtils.h */,
				BE64E4D721343A62009E6BF6 /* AdNativeUtils.h */,
			);
			path = AdView;
			sourceTree = "<group>";
		};
		BE64E4B321343A62009E6BF6 /* include */ = {
			isa = PBXGroup;
			children = (
				BE64E4B421343A62009E6BF6 /* AdInstlManagerImpl.h */,
				BE64E4B521343A62009E6BF6 /* AdViewViewImpl.h */,
				BE64E4B621343A62009E6BF6 /* AdViewCommonDef.h */,
				BE64E4B721343A62009E6BF6 /* adViewAdNetworkConfig.h */,
				BE64E4B821343A62009E6BF6 /* AdViewExtraManager.h */,
				BE64E4B921343A62009E6BF6 /* AdCommonNetworkType.h */,
				BE64E4BA21343A62009E6BF6 /* AdInstlAdNetworkAdapter.h */,
				BE64E4BB21343A62009E6BF6 /* AdNativeManagerImpl.h */,
				BE64E4BC21343A62009E6BF6 /* AdVideoManagerImpl.h */,
				BE64E4BD21343A62009E6BF6 /* AdViewAdNetworkAdapter.h */,
				BE64E4BE21343A62009E6BF6 /* AdNativeAdNetworkAdapter.h */,
				BE64E4BF21343A62009E6BF6 /* AdViewDeviceCollector.h */,
				BE64E4C021343A62009E6BF6 /* AdSpreadScreenAdNetworkAdapter.h */,
				BE64E4C121343A62009E6BF6 /* SingletonAdapterBase.h */,
				BE64E4C221343A62009E6BF6 /* AdSpreadScreenManagerImpl.h */,
				BE64E4C321343A62009E6BF6 /* AdviewObjCollector.h */,
				BE64E4C421343A62009E6BF6 /* adViewLog.h */,
				BE64E4C521343A62009E6BF6 /* adViewAdNetworkRegistry.h */,
				BE64E4C621343A62009E6BF6 /* AdVideoAdNetworkAdapter.h */,
				BE64E4C721343A62009E6BF6 /* AWNetworkReachabilityWrapper.h */,
				BE64E4C821343A62009E6BF6 /* adViewConfig.h */,
				BE64E4C921343A62009E6BF6 /* adViewAdNetworkAdapter+Helpers.h */,
				BE64E4CA21343A62009E6BF6 /* AWNetworkReachabilityDelegate.h */,
			);
			path = include;
			sourceTree = "<group>";
		};
		BE64F3FA21359849009E6BF6 /* GDTMob */ = {
			isa = PBXGroup;
			children = (
				BE64F3FB21359849009E6BF6 /* adapter */,
				BE64F40421359849009E6BF6 /* lib */,
			);
			path = GDTMob;
			sourceTree = "<group>";
		};
		BE64F3FB21359849009E6BF6 /* adapter */ = {
			isa = PBXGroup;
			children = (
				BE64F3FC21359849009E6BF6 /* AdInstlAdapterGDTMob.m */,
				BE64F3FD21359849009E6BF6 /* AdNativeAdapterGDTMob.m */,
				BE64F3FE21359849009E6BF6 /* AdViewAdapterGDTMob.m */,
				BE64F3FF21359849009E6BF6 /* AdSplashAdapterGDTMob.m */,
				BE64F40021359849009E6BF6 /* AdInstlAdapterGDTMob.h */,
				BE64F40121359849009E6BF6 /* AdViewAdapterGDTMob.h */,
				BE64F40221359849009E6BF6 /* AdNativeAdapterGDTMob.h */,
				BE64F40321359849009E6BF6 /* AdSplashAdapterGDTMob.h */,
			);
			path = adapter;
			sourceTree = "<group>";
		};
		BE64F40421359849009E6BF6 /* lib */ = {
			isa = PBXGroup;
			children = (
				BE64F40521359849009E6BF6 /* GDTMobBannerView.h */,
				BE64F40621359849009E6BF6 /* GDTTrack.h */,
				BE64F40721359849009E6BF6 /* GDTNativeAd.h */,
				BE64F40821359849009E6BF6 /* GDTMobInterstitial.h */,
				BE64F40921359849009E6BF6 /* GDTSplashAd.h */,
				BE64F40A21359849009E6BF6 /* libGDTMobSDK.a */,
			);
			path = lib;
			sourceTree = "<group>";
		};
		BE64F54621382BEA009E6BF6 /* Food */ = {
			isa = PBXGroup;
			children = (
				BE64F54E2139421A009E6BF6 /* View */,
				BE64F54721382C07009E6BF6 /* ZHRandomFoodController.swift */,
			);
			path = Food;
			sourceTree = "<group>";
		};
		BE64F54B21391DC9009E6BF6 /* Helpers */ = {
			isa = PBXGroup;
			children = (
				BE64F54C21391DE2009E6BF6 /* ZHLocationHelper.swift */,
			);
			path = Helpers;
			sourceTree = "<group>";
		};
		BE64F54E2139421A009E6BF6 /* View */ = {
			isa = PBXGroup;
			children = (
				BE996F06213EB4AC00B2D450 /* ZHFoodView.swift */,
				BE996F08213EB4B500B2D450 /* ZHFoodView.xib */,
			);
			path = View;
			sourceTree = "<group>";
		};
		BE64F54F2139425D009E6BF6 /* DiningRoom  */ = {
			isa = PBXGroup;
			children = (
				BE64F55421394289009E6BF6 /* View */,
				BE64F55021394280009E6BF6 /* ZHDiningRoomController.swift */,
			);
			path = "DiningRoom ";
			sourceTree = "<group>";
		};
		BE64F55421394289009E6BF6 /* View */ = {
			isa = PBXGroup;
			children = (
				BE64F555213942A1009E6BF6 /* ZHDiningRoomView.swift */,
				BE64F557213942D9009E6BF6 /* ZHDiningRoomView.xib */,
			);
			path = View;
			sourceTree = "<group>";
		};
		BE996EFC213ADE1900B2D450 /* Random */ = {
			isa = PBXGroup;
			children = (
				BE996F01213D75F000B2D450 /* View */,
				BE996EFD213ADE3900B2D450 /* ZHRandomController.swift */,
			);
			path = Random;
			sourceTree = "<group>";
		};
		BE996F01213D75F000B2D450 /* View */ = {
			isa = PBXGroup;
			children = (
				BE996F02213D760A00B2D450 /* ZHRandomView.swift */,
				BE996F04213D761900B2D450 /* ZHRandomView.xib */,
			);
			path = View;
			sourceTree = "<group>";
		};
		BE996F0A213F5D9A00B2D450 /* Base */ = {
			isa = PBXGroup;
			children = (
				BE996F482142088300B2D450 /* TitleView */,
				BE996F0B213F5DB600B2D450 /* ZHBaseController.swift */,
			);
			path = Base;
			sourceTree = "<group>";
		};
		BE996F482142088300B2D450 /* TitleView */ = {
			isa = PBXGroup;
			children = (
				BE996F49214208AA00B2D450 /* ZHNavTitleView.swift */,
				BE996F4B214208B200B2D450 /* ZHNavTitleView.xib */,
			);
			path = TitleView;
			sourceTree = "<group>";
		};
/* End PBXGroup section */

/* Begin PBXNativeTarget section */
		BE64E13921311995009E6BF6 /* RandomFood */ = {
			isa = PBXNativeTarget;
			buildConfigurationList = BE64E14C21311996009E6BF6 /* Build configuration list for PBXNativeTarget "RandomFood" */;
			buildPhases = (
				382961B737EB023A6BB99B9F /* [CP] Check Pods Manifest.lock */,
				BE64E13621311995009E6BF6 /* Sources */,
				BE64E13721311995009E6BF6 /* Frameworks */,
				BE64E13821311995009E6BF6 /* Resources */,
				49905793DA5A4AE4D2C0DE83 /* [CP] Embed Pods Frameworks */,
			);
			buildRules = (
			);
			dependencies = (
			);
			name = RandomFood;
			productName = RandomFood;
			productReference = BE64E13A21311995009E6BF6 /* RandomFood.app */;
			productType = "com.apple.product-type.application";
		};
/* End PBXNativeTarget section */

/* Begin PBXProject section */
		BE64E13221311994009E6BF6 /* Project object */ = {
			isa = PBXProject;
			attributes = {
				CLASSPREFIX = ZH;
				LastSwiftUpdateCheck = 0940;
				LastUpgradeCheck = 0940;
				ORGANIZATIONNAME = Darren;
				TargetAttributes = {
					BE64E13921311995009E6BF6 = {
						CreatedOnToolsVersion = 9.4.1;
						SystemCapabilities = {
							com.apple.ApplePay = {
								enabled = 0;
							};
							com.apple.InAppPurchase = {
								enabled = 1;
							};
							com.apple.Wallet = {
								enabled = 0;
							};
						};
					};
				};
			};
			buildConfigurationList = BE64E13521311994009E6BF6 /* Build configuration list for PBXProject "RandomFood" */;
			compatibilityVersion = "Xcode 9.3";
			developmentRegion = en;
			hasScannedForEncodings = 0;
			knownRegions = (
				en,
				Base,
			);
			mainGroup = BE64E13121311994009E6BF6;
			productRefGroup = BE64E13B21311995009E6BF6 /* Products */;
			projectDirPath = "";
			projectRoot = "";
			targets = (
				BE64E13921311995009E6BF6 /* RandomFood */,
			);
		};
/* End PBXProject section */

/* Begin PBXResourcesBuildPhase section */
		BE64E13821311995009E6BF6 /* Resources */ = {
			isa = PBXResourcesBuildPhase;
			buildActionMask = 2147483647;
			files = (
				BE64E14821311996009E6BF6 /* LaunchScreen.storyboard in Resources */,
				BE5FAFE5214399F000F8A566 /* ZHShowItemCell.xib in Resources */,
				BE64E59F21343A63009E6BF6 /* README.txt in Resources */,
				BE64E61021343A63009E6BF6 /* AdViewRes.bundle in Resources */,
				BE64F558213942D9009E6BF6 /* ZHDiningRoomView.xib in Resources */,
				BE996F09213EB4B500B2D450 /* ZHFoodView.xib in Resources */,
				BE996F4C214208B200B2D450 /* ZHNavTitleView.xib in Resources */,
				BE996F00213AEEC200B2D450 /* SDK20181227120814372t7f1vq4n2ehu.txt in Resources */,
				BE996F05213D761900B2D450 /* ZHRandomView.xib in Resources */,
				BE64E14521311996009E6BF6 /* Assets.xcassets in Resources */,
			);
			runOnlyForDeploymentPostprocessing = 0;
		};
/* End PBXResourcesBuildPhase section */

/* Begin PBXShellScriptBuildPhase section */
		382961B737EB023A6BB99B9F /* [CP] Check Pods Manifest.lock */ = {
			isa = PBXShellScriptBuildPhase;
			buildActionMask = 2147483647;
			files = (
			);
			inputPaths = (
				"${PODS_PODFILE_DIR_PATH}/Podfile.lock",
				"${PODS_ROOT}/Manifest.lock",
			);
			name = "[CP] Check Pods Manifest.lock";
			outputPaths = (
				"$(DERIVED_FILE_DIR)/Pods-RandomFood-checkManifestLockResult.txt",
			);
			runOnlyForDeploymentPostprocessing = 0;
			shellPath = /bin/sh;
			shellScript = "diff \"${PODS_PODFILE_DIR_PATH}/Podfile.lock\" \"${PODS_ROOT}/Manifest.lock\" > /dev/null\nif [ $? != 0 ] ; then\n    # print error to STDERR\n    echo \"error: The sandbox is not in sync with the Podfile.lock. Run 'pod install' or update your CocoaPods installation.\" >&2\n    exit 1\nfi\n# This output is used by Xcode 'outputs' to avoid re-running this script phase.\necho \"SUCCESS\" > \"${SCRIPT_OUTPUT_FILE_0}\"\n";
			showEnvVarsInLog = 0;
		};
		49905793DA5A4AE4D2C0DE83 /* [CP] Embed Pods Frameworks */ = {
			isa = PBXShellScriptBuildPhase;
			buildActionMask = 2147483647;
			files = (
			);
			inputPaths = (
				"${SRCROOT}/Pods/Target Support Files/Pods-RandomFood/Pods-RandomFood-frameworks.sh",
				"${BUILT_PRODUCTS_DIR}/RxCocoa/RxCocoa.framework",
				"${BUILT_PRODUCTS_DIR}/RxSwift/RxSwift.framework",
				"${BUILT_PRODUCTS_DIR}/SnapKit/SnapKit.framework",
				"${BUILT_PRODUCTS_DIR}/WCDB.swift/WCDBSwift.framework",
			);
			name = "[CP] Embed Pods Frameworks";
			outputPaths = (
				"${TARGET_BUILD_DIR}/${FRAMEWORKS_FOLDER_PATH}/RxCocoa.framework",
				"${TARGET_BUILD_DIR}/${FRAMEWORKS_FOLDER_PATH}/RxSwift.framework",
				"${TARGET_BUILD_DIR}/${FRAMEWORKS_FOLDER_PATH}/SnapKit.framework",
				"${TARGET_BUILD_DIR}/${FRAMEWORKS_FOLDER_PATH}/WCDBSwift.framework",
			);
			runOnlyForDeploymentPostprocessing = 0;
			shellPath = /bin/sh;
			shellScript = "\"${SRCROOT}/Pods/Target Support Files/Pods-RandomFood/Pods-RandomFood-frameworks.sh\"\n";
			showEnvVarsInLog = 0;
		};
/* End PBXShellScriptBuildPhase section */

/* Begin PBXSourcesBuildPhase section */
		BE64E13621311995009E6BF6 /* Sources */ = {
			isa = PBXSourcesBuildPhase;
			buildActionMask = 2147483647;
			files = (
				BE996F07213EB4AC00B2D450 /* ZHFoodView.swift in Sources */,
				BE64E60A21343A63009E6BF6 /* AdViewController.m in Sources */,
				BE996EFB213AD63700B2D450 /* ZHFood.swift in Sources */,
				BE64E60921343A63009E6BF6 /* AdViewToolX.mm in Sources */,
				BE996F03213D760A00B2D450 /* ZHRandomView.swift in Sources */,
				BE996EFE213ADE3900B2D450 /* ZHRandomController.swift in Sources */,
				BE64F40D21359849009E6BF6 /* AdViewAdapterGDTMob.m in Sources */,
				BE64F556213942A1009E6BF6 /* ZHDiningRoomView.swift in Sources */,
				BE64F40C21359849009E6BF6 /* AdNativeAdapterGDTMob.m in Sources */,
				BE64F54D21391DE2009E6BF6 /* ZHLocationHelper.swift in Sources */,
				BE996EF9213AD5FD00B2D450 /* ZHDiningRoom.swift in Sources */,
				BE64E59C21343A63009E6BF6 /* AdViewAdapterAdMob.m in Sources */,
				BE5FAFED2143CCD600F8A566 /* ZHSettingController.swift in Sources */,
				BE64F54921382C07009E6BF6 /* ZHRandomFoodController.swift in Sources */,
				BE64E60E21343A63009E6BF6 /* SimMethod.cpp in Sources */,
				BE64F40E21359849009E6BF6 /* AdSplashAdapterGDTMob.m in Sources */,
				BE64F55221394280009E6BF6 /* ZHDiningRoomController.swift in Sources */,
				BE64E59D21343A63009E6BF6 /* AdInstlAdapterAdMob.m in Sources */,
				BE5FAFE4214399F000F8A566 /* ZHShowItemCell.swift in Sources */,
				BE996F4A214208AA00B2D450 /* ZHNavTitleView.swift in Sources */,
				BE64F40B21359849009E6BF6 /* AdInstlAdapterGDTMob.m in Sources */,
				BE996F0C213F5DB600B2D450 /* ZHBaseController.swift in Sources */,
				BE5FAFE82143A1B500F8A566 /* ZHRandomFoodDefine.swift in Sources */,
				BE64E5AC21343A63009E6BF6 /* AdInstlAdapterYouMi.m in Sources */,
				BE64E151213271BB009E6BF6 /* ZHDataStore.swift in Sources */,
				BE64E13E21311995009E6BF6 /* AppDelegate.swift in Sources */,
			);
			runOnlyForDeploymentPostprocessing = 0;
		};
/* End PBXSourcesBuildPhase section */

/* Begin PBXVariantGroup section */
		BE64E14621311996009E6BF6 /* LaunchScreen.storyboard */ = {
			isa = PBXVariantGroup;
			children = (
				BE64E14721311996009E6BF6 /* Base */,
			);
			name = LaunchScreen.storyboard;
			sourceTree = "<group>";
		};
/* End PBXVariantGroup section */

/* Begin XCBuildConfiguration section */
		BE64E14A21311996009E6BF6 /* Debug */ = {
			isa = XCBuildConfiguration;
			buildSettings = {
				ALWAYS_SEARCH_USER_PATHS = NO;
				CLANG_ANALYZER_NONNULL = YES;
				CLANG_ANALYZER_NUMBER_OBJECT_CONVERSION = YES_AGGRESSIVE;
				CLANG_CXX_LANGUAGE_STANDARD = "gnu++14";
				CLANG_CXX_LIBRARY = "libc++";
				CLANG_ENABLE_MODULES = YES;
				CLANG_ENABLE_OBJC_ARC = YES;
				CLANG_ENABLE_OBJC_WEAK = YES;
				CLANG_WARN_BLOCK_CAPTURE_AUTORELEASING = YES;
				CLANG_WARN_BOOL_CONVERSION = YES;
				CLANG_WARN_COMMA = YES;
				CLANG_WARN_CONSTANT_CONVERSION = YES;
				CLANG_WARN_DEPRECATED_OBJC_IMPLEMENTATIONS = YES;
				CLANG_WARN_DIRECT_OBJC_ISA_USAGE = YES_ERROR;
				CLANG_WARN_DOCUMENTATION_COMMENTS = YES;
				CLANG_WARN_EMPTY_BODY = YES;
				CLANG_WARN_ENUM_CONVERSION = YES;
				CLANG_WARN_INFINITE_RECURSION = YES;
				CLANG_WARN_INT_CONVERSION = YES;
				CLANG_WARN_NON_LITERAL_NULL_CONVERSION = YES;
				CLANG_WARN_OBJC_IMPLICIT_RETAIN_SELF = YES;
				CLANG_WARN_OBJC_LITERAL_CONVERSION = YES;
				CLANG_WARN_OBJC_ROOT_CLASS = YES_ERROR;
				CLANG_WARN_RANGE_LOOP_ANALYSIS = YES;
				CLANG_WARN_STRICT_PROTOTYPES = YES;
				CLANG_WARN_SUSPICIOUS_MOVE = YES;
				CLANG_WARN_UNGUARDED_AVAILABILITY = YES_AGGRESSIVE;
				CLANG_WARN_UNREACHABLE_CODE = YES;
				CLANG_WARN__DUPLICATE_METHOD_MATCH = YES;
				CODE_SIGN_IDENTITY = "iPhone Developer";
				COPY_PHASE_STRIP = NO;
				DEBUG_INFORMATION_FORMAT = dwarf;
				ENABLE_STRICT_OBJC_MSGSEND = YES;
				ENABLE_TESTABILITY = YES;
				GCC_C_LANGUAGE_STANDARD = gnu11;
				GCC_DYNAMIC_NO_PIC = NO;
				GCC_NO_COMMON_BLOCKS = YES;
				GCC_OPTIMIZATION_LEVEL = 0;
				GCC_PREPROCESSOR_DEFINITIONS = (
					"DEBUG=1",
					"$(inherited)",
				);
				GCC_WARN_64_TO_32_BIT_CONVERSION = YES;
				GCC_WARN_ABOUT_RETURN_TYPE = YES_ERROR;
				GCC_WARN_UNDECLARED_SELECTOR = YES;
				GCC_WARN_UNINITIALIZED_AUTOS = YES_AGGRESSIVE;
				GCC_WARN_UNUSED_FUNCTION = YES;
				GCC_WARN_UNUSED_VARIABLE = YES;
				IPHONEOS_DEPLOYMENT_TARGET = 11.4;
				MTL_ENABLE_DEBUG_INFO = YES;
				ONLY_ACTIVE_ARCH = YES;
				SDKROOT = iphoneos;
				SWIFT_ACTIVE_COMPILATION_CONDITIONS = DEBUG;
				SWIFT_OPTIMIZATION_LEVEL = "-Onone";
			};
			name = Debug;
		};
		BE64E14B21311996009E6BF6 /* Release */ = {
			isa = XCBuildConfiguration;
			buildSettings = {
				ALWAYS_SEARCH_USER_PATHS = NO;
				CLANG_ANALYZER_NONNULL = YES;
				CLANG_ANALYZER_NUMBER_OBJECT_CONVERSION = YES_AGGRESSIVE;
				CLANG_CXX_LANGUAGE_STANDARD = "gnu++14";
				CLANG_CXX_LIBRARY = "libc++";
				CLANG_ENABLE_MODULES = YES;
				CLANG_ENABLE_OBJC_ARC = YES;
				CLANG_ENABLE_OBJC_WEAK = YES;
				CLANG_WARN_BLOCK_CAPTURE_AUTORELEASING = YES;
				CLANG_WARN_BOOL_CONVERSION = YES;
				CLANG_WARN_COMMA = YES;
				CLANG_WARN_CONSTANT_CONVERSION = YES;
				CLANG_WARN_DEPRECATED_OBJC_IMPLEMENTATIONS = YES;
				CLANG_WARN_DIRECT_OBJC_ISA_USAGE = YES_ERROR;
				CLANG_WARN_DOCUMENTATION_COMMENTS = YES;
				CLANG_WARN_EMPTY_BODY = YES;
				CLANG_WARN_ENUM_CONVERSION = YES;
				CLANG_WARN_INFINITE_RECURSION = YES;
				CLANG_WARN_INT_CONVERSION = YES;
				CLANG_WARN_NON_LITERAL_NULL_CONVERSION = YES;
				CLANG_WARN_OBJC_IMPLICIT_RETAIN_SELF = YES;
				CLANG_WARN_OBJC_LITERAL_CONVERSION = YES;
				CLANG_WARN_OBJC_ROOT_CLASS = YES_ERROR;
				CLANG_WARN_RANGE_LOOP_ANALYSIS = YES;
				CLANG_WARN_STRICT_PROTOTYPES = YES;
				CLANG_WARN_SUSPICIOUS_MOVE = YES;
				CLANG_WARN_UNGUARDED_AVAILABILITY = YES_AGGRESSIVE;
				CLANG_WARN_UNREACHABLE_CODE = YES;
				CLANG_WARN__DUPLICATE_METHOD_MATCH = YES;
				CODE_SIGN_IDENTITY = "iPhone Developer";
				COPY_PHASE_STRIP = NO;
				DEBUG_INFORMATION_FORMAT = "dwarf-with-dsym";
				ENABLE_NS_ASSERTIONS = NO;
				ENABLE_STRICT_OBJC_MSGSEND = YES;
				GCC_C_LANGUAGE_STANDARD = gnu11;
				GCC_NO_COMMON_BLOCKS = YES;
				GCC_WARN_64_TO_32_BIT_CONVERSION = YES;
				GCC_WARN_ABOUT_RETURN_TYPE = YES_ERROR;
				GCC_WARN_UNDECLARED_SELECTOR = YES;
				GCC_WARN_UNINITIALIZED_AUTOS = YES_AGGRESSIVE;
				GCC_WARN_UNUSED_FUNCTION = YES;
				GCC_WARN_UNUSED_VARIABLE = YES;
				IPHONEOS_DEPLOYMENT_TARGET = 11.4;
				MTL_ENABLE_DEBUG_INFO = NO;
				SDKROOT = iphoneos;
				SWIFT_COMPILATION_MODE = wholemodule;
				SWIFT_OPTIMIZATION_LEVEL = "-O";
				VALIDATE_PRODUCT = YES;
			};
			name = Release;
		};
		BE64E14D21311996009E6BF6 /* Debug */ = {
			isa = XCBuildConfiguration;
			baseConfigurationReference = 7DF4B565849C8ACCB1BA223F /* Pods-RandomFood.debug.xcconfig */;
			buildSettings = {
				ASSETCATALOG_COMPILER_APPICON_NAME = AppIcon;
				CODE_SIGN_STYLE = Manual;
				DEVELOPMENT_TEAM = PP6FP338VS;
				ENABLE_BITCODE = NO;
				FRAMEWORK_SEARCH_PATHS = (
					"$(inherited)",
					"$(PROJECT_DIR)/RandomFood/ADLibrary/AdViewSDK-3.4.9/AdNetworks/Tanx/lib",
					"$(PROJECT_DIR)/RandomFood/ADLibrary/AdViewSDK-3.4.9/AdNetworks/Unity/lib",
					"$(PROJECT_DIR)/RandomFood/ADLibrary/AdViewSDK-3.4.9/AdNetworks/InMobi/lib",
					"$(PROJECT_DIR)/RandomFood/ADLibrary/AdViewSDK-3.4.9/AdNetworks/Baidu/lib",
					"$(PROJECT_DIR)/RandomFood/ADLibrary/AdViewSDK-3.4.9/AdNetworks/JDAdview/lib",
					"$(PROJECT_DIR)/RandomFood/ADLibrary/AdViewSDK-3.4.9/AdNetworks/Adwo/lib",
					"$(PROJECT_DIR)/RandomFood/ADLibrary/AdViewSDK-3.4.9/AdNetworks/Lmmob/lib",
					"$(PROJECT_DIR)/RandomFood/ADLibrary/AdViewSDK-3.4.9/AdNetworks/XingYun/lib",
					"$(PROJECT_DIR)/RandomFood/ADLibrary/AdViewSDK-3.4.9/AdNetworks/AdColony/lib",
					"$(PROJECT_DIR)/RandomFood/ADLibrary/AdViewSDK-3.4.9/AdNetworks/MillennialMedia/lib",
					"$(PROJECT_DIR)/RandomFood/ADLibrary/AdViewSDK-3.4.9/AdNetworks/MobFox/lib",
					"$(PROJECT_DIR)/RandomFood/ADLibrary/AdViewSDK-3.4.9/AdNetworks/GoogleAdMob/lib",
					"$(PROJECT_DIR)/RandomFood/ADLibrary/AdViewSDK-3.4.9/AdNetworks/AdPro/lib",
					"$(PROJECT_DIR)/RandomFood/ADLibrary/AdViewSDK-3.4.9/AdNetworks/VPon/lib",
					"$(PROJECT_DIR)/RandomFood/ADLibrary/AdViewSDK-3.4.9/AdNetworks/Chartboost/lib",
					"$(PROJECT_DIR)/RandomFood/ADLibrary/AdViewSDK-3.4.9/AdNetworks/YiJiFen/lib",
					"$(PROJECT_DIR)/RandomFood/ADLibrary/AdViewSDK-3.4.9/AdNetworks/Waps/lib",
				);
				INFOPLIST_FILE = RandomFood/Resource/Info.plist;
				IPHONEOS_DEPLOYMENT_TARGET = 8.0;
				LD_RUNPATH_SEARCH_PATHS = (
					"$(inherited)",
					"@executable_path/Frameworks",
				);
				LIBRARY_SEARCH_PATHS = (
					"$(inherited)",
					"$(PROJECT_DIR)/RandomFood/ADLibrary/AdViewSDK-3.4.9/AdNetworks/Tanx/lib",
					"$(PROJECT_DIR)/RandomFood/ADLibrary/AdViewSDK-3.4.9/AdNetworks/Greystripe/lib",
					"$(PROJECT_DIR)/RandomFood/ADLibrary/AdViewSDK-3.4.9/AdNetworks/Vtime/lib",
					"$(PROJECT_DIR)/RandomFood/ADLibrary/AdViewSDK-3.4.9/AdNetworks/Smtaran/lib",
					"$(PROJECT_DIR)/RandomFood/ADLibrary/AdViewSDK-3.4.9/AdNetworks/GuoHe/lib",
					"$(PROJECT_DIR)/RandomFood/ADLibrary/AdViewSDK-3.4.9/AdNetworks/UMAd/lib",
					"$(PROJECT_DIR)/RandomFood/ADLibrary/AdViewSDK-3.4.9/AdNetworks/AdSmar/lib",
					"$(PROJECT_DIR)/RandomFood/ADLibrary/AdViewSDK-3.4.9/AdNetworks/Domob/lib",
					"$(PROJECT_DIR)/RandomFood/ADLibrary/AdViewSDK-3.4.9/AdNetworks/Adwo/lib",
					"$(PROJECT_DIR)/RandomFood/ADLibrary/AdViewSDK-3.4.9/AdNetworks/AdFracta/lib",
					"$(PROJECT_DIR)/RandomFood/ADLibrary/AdViewSDK-3.4.9/AdNetworks/Miidi/lib",
					"$(PROJECT_DIR)/RandomFood/ADLibrary/AdViewSDK-3.4.9/AdNetworks/WQMobile/lib",
					"$(PROJECT_DIR)/RandomFood/ADLibrary/AdViewSDK-3.4.9/AdNetworks/GDTMob/lib",
					"$(PROJECT_DIR)/RandomFood/ADLibrary/AdViewSDK-3.4.9/AdNetworks/Appnext/lib",
					"$(PROJECT_DIR)/RandomFood/ADLibrary/AdViewSDK-3.4.9/AdNetworks/Chance/lib",
					"$(PROJECT_DIR)/RandomFood/ADLibrary/AdViewSDK-3.4.9/AdNetworks/AdChina/lib",
					"$(PROJECT_DIR)/RandomFood/ADLibrary/AdViewSDK-3.4.9/AdNetworks/SmartMad/lib",
					"$(PROJECT_DIR)/RandomFood/ADLibrary/AdViewSDK-3.4.9/AdNetworks/Guomob/lib",
					"$(PROJECT_DIR)/RandomFood/ADLibrary/AdViewSDK-3.4.9/AdNetworks/YouMi/lib",
					"$(PROJECT_DIR)/RandomFood/ADLibrary/AdViewSDK-3.4.9/AdNetworks/DIanRu/lib",
					"$(PROJECT_DIR)/RandomFood/ADLibrary/AdViewSDK-3.4.9/AdNetworks/Opera/lib",
					"$(PROJECT_DIR)/RandomFood/ADLibrary/AdViewSDK-3.4.9/AdNetworks/STMob/lib",
					"$(PROJECT_DIR)/RandomFood/ADLibrary/AdViewSDK-3.4.9/AdNetworks/Aduu/lib",
					"$(PROJECT_DIR)/RandomFood/ADLibrary/AdViewSDK-3.4.9/AdNetworks/AirAD/lib",
					"$(PROJECT_DIR)/RandomFood/ADLibrary/AdViewSDK-3.4.9/AdNetworks/YouLan/lib",
					"$(PROJECT_DIR)/RandomFood/ADLibrary/AdViewSDK-3.4.9/AdNetworks/Waps/lib",
					"$(PROJECT_DIR)/RandomFood/ADLibrary/AdViewSDK-3.4.9/AdNetworks/Pingcoo/lib",
					"$(PROJECT_DIR)/RandomFood/ADLibrary/AdViewSDK-3.4.9/AdNetworks/Mopan/lib",
					"$(PROJECT_DIR)/RandomFood/ADLibrary/AdViewSDK-3.4.9/AdView",
				);
				OTHER_LDFLAGS = (
					"$(inherited)",
					"-framework",
					"\"RxCocoa\"",
					"-framework",
					"\"RxSwift\"",
					"-framework",
					"\"WCDBSwift\"",
					"-ObjC",
				);
				PRODUCT_BUNDLE_IDENTIFIER = com.wangzh.RandomFood;
				PRODUCT_NAME = "$(TARGET_NAME)";
				PROVISIONING_PROFILE = "ca6c2dae-9050-479f-bc7b-a8f3ea8c7f9b";
				PROVISIONING_PROFILE_SPECIFIER = randomFood_dev_0827;
				SWIFT_OBJC_BRIDGING_HEADER = "$(SRCROOT)/RandomFood/Resource/Swift-Bridge-Objective-C.h";
				SWIFT_VERSION = 4.0;
				TARGETED_DEVICE_FAMILY = "1,2";
			};
			name = Debug;
		};
		BE64E14E21311996009E6BF6 /* Release */ = {
			isa = XCBuildConfiguration;
			baseConfigurationReference = B4A0ED4A3736E9E11C38A886 /* Pods-RandomFood.release.xcconfig */;
			buildSettings = {
				ASSETCATALOG_COMPILER_APPICON_NAME = AppIcon;
				CODE_SIGN_STYLE = Manual;
				DEVELOPMENT_TEAM = PP6FP338VS;
				ENABLE_BITCODE = NO;
				FRAMEWORK_SEARCH_PATHS = (
					"$(inherited)",
					"$(PROJECT_DIR)/RandomFood/ADLibrary/AdViewSDK-3.4.9/AdNetworks/Tanx/lib",
					"$(PROJECT_DIR)/RandomFood/ADLibrary/AdViewSDK-3.4.9/AdNetworks/Unity/lib",
					"$(PROJECT_DIR)/RandomFood/ADLibrary/AdViewSDK-3.4.9/AdNetworks/InMobi/lib",
					"$(PROJECT_DIR)/RandomFood/ADLibrary/AdViewSDK-3.4.9/AdNetworks/Baidu/lib",
					"$(PROJECT_DIR)/RandomFood/ADLibrary/AdViewSDK-3.4.9/AdNetworks/JDAdview/lib",
					"$(PROJECT_DIR)/RandomFood/ADLibrary/AdViewSDK-3.4.9/AdNetworks/Adwo/lib",
					"$(PROJECT_DIR)/RandomFood/ADLibrary/AdViewSDK-3.4.9/AdNetworks/Lmmob/lib",
					"$(PROJECT_DIR)/RandomFood/ADLibrary/AdViewSDK-3.4.9/AdNetworks/XingYun/lib",
					"$(PROJECT_DIR)/RandomFood/ADLibrary/AdViewSDK-3.4.9/AdNetworks/AdColony/lib",
					"$(PROJECT_DIR)/RandomFood/ADLibrary/AdViewSDK-3.4.9/AdNetworks/MillennialMedia/lib",
					"$(PROJECT_DIR)/RandomFood/ADLibrary/AdViewSDK-3.4.9/AdNetworks/MobFox/lib",
					"$(PROJECT_DIR)/RandomFood/ADLibrary/AdViewSDK-3.4.9/AdNetworks/GoogleAdMob/lib",
					"$(PROJECT_DIR)/RandomFood/ADLibrary/AdViewSDK-3.4.9/AdNetworks/AdPro/lib",
					"$(PROJECT_DIR)/RandomFood/ADLibrary/AdViewSDK-3.4.9/AdNetworks/VPon/lib",
					"$(PROJECT_DIR)/RandomFood/ADLibrary/AdViewSDK-3.4.9/AdNetworks/Chartboost/lib",
					"$(PROJECT_DIR)/RandomFood/ADLibrary/AdViewSDK-3.4.9/AdNetworks/YiJiFen/lib",
					"$(PROJECT_DIR)/RandomFood/ADLibrary/AdViewSDK-3.4.9/AdNetworks/Waps/lib",
				);
				INFOPLIST_FILE = RandomFood/Resource/Info.plist;
				IPHONEOS_DEPLOYMENT_TARGET = 8.0;
				LD_RUNPATH_SEARCH_PATHS = (
					"$(inherited)",
					"@executable_path/Frameworks",
				);
				LIBRARY_SEARCH_PATHS = (
					"$(inherited)",
					"$(PROJECT_DIR)/RandomFood/ADLibrary/AdViewSDK-3.4.9/AdNetworks/Tanx/lib",
					"$(PROJECT_DIR)/RandomFood/ADLibrary/AdViewSDK-3.4.9/AdNetworks/Greystripe/lib",
					"$(PROJECT_DIR)/RandomFood/ADLibrary/AdViewSDK-3.4.9/AdNetworks/Vtime/lib",
					"$(PROJECT_DIR)/RandomFood/ADLibrary/AdViewSDK-3.4.9/AdNetworks/Smtaran/lib",
					"$(PROJECT_DIR)/RandomFood/ADLibrary/AdViewSDK-3.4.9/AdNetworks/GuoHe/lib",
					"$(PROJECT_DIR)/RandomFood/ADLibrary/AdViewSDK-3.4.9/AdNetworks/UMAd/lib",
					"$(PROJECT_DIR)/RandomFood/ADLibrary/AdViewSDK-3.4.9/AdNetworks/AdSmar/lib",
					"$(PROJECT_DIR)/RandomFood/ADLibrary/AdViewSDK-3.4.9/AdNetworks/Domob/lib",
					"$(PROJECT_DIR)/RandomFood/ADLibrary/AdViewSDK-3.4.9/AdNetworks/Adwo/lib",
					"$(PROJECT_DIR)/RandomFood/ADLibrary/AdViewSDK-3.4.9/AdNetworks/AdFracta/lib",
					"$(PROJECT_DIR)/RandomFood/ADLibrary/AdViewSDK-3.4.9/AdNetworks/Miidi/lib",
					"$(PROJECT_DIR)/RandomFood/ADLibrary/AdViewSDK-3.4.9/AdNetworks/WQMobile/lib",
					"$(PROJECT_DIR)/RandomFood/ADLibrary/AdViewSDK-3.4.9/AdNetworks/GDTMob/lib",
					"$(PROJECT_DIR)/RandomFood/ADLibrary/AdViewSDK-3.4.9/AdNetworks/Appnext/lib",
					"$(PROJECT_DIR)/RandomFood/ADLibrary/AdViewSDK-3.4.9/AdNetworks/Chance/lib",
					"$(PROJECT_DIR)/RandomFood/ADLibrary/AdViewSDK-3.4.9/AdNetworks/AdChina/lib",
					"$(PROJECT_DIR)/RandomFood/ADLibrary/AdViewSDK-3.4.9/AdNetworks/SmartMad/lib",
					"$(PROJECT_DIR)/RandomFood/ADLibrary/AdViewSDK-3.4.9/AdNetworks/Guomob/lib",
					"$(PROJECT_DIR)/RandomFood/ADLibrary/AdViewSDK-3.4.9/AdNetworks/YouMi/lib",
					"$(PROJECT_DIR)/RandomFood/ADLibrary/AdViewSDK-3.4.9/AdNetworks/DIanRu/lib",
					"$(PROJECT_DIR)/RandomFood/ADLibrary/AdViewSDK-3.4.9/AdNetworks/Opera/lib",
					"$(PROJECT_DIR)/RandomFood/ADLibrary/AdViewSDK-3.4.9/AdNetworks/STMob/lib",
					"$(PROJECT_DIR)/RandomFood/ADLibrary/AdViewSDK-3.4.9/AdNetworks/Aduu/lib",
					"$(PROJECT_DIR)/RandomFood/ADLibrary/AdViewSDK-3.4.9/AdNetworks/AirAD/lib",
					"$(PROJECT_DIR)/RandomFood/ADLibrary/AdViewSDK-3.4.9/AdNetworks/YouLan/lib",
					"$(PROJECT_DIR)/RandomFood/ADLibrary/AdViewSDK-3.4.9/AdNetworks/Waps/lib",
					"$(PROJECT_DIR)/RandomFood/ADLibrary/AdViewSDK-3.4.9/AdNetworks/Pingcoo/lib",
					"$(PROJECT_DIR)/RandomFood/ADLibrary/AdViewSDK-3.4.9/AdNetworks/Mopan/lib",
					"$(PROJECT_DIR)/RandomFood/ADLibrary/AdViewSDK-3.4.9/AdView",
				);
				OTHER_LDFLAGS = (
					"$(inherited)",
					"-framework",
					"\"RxCocoa\"",
					"-framework",
					"\"RxSwift\"",
					"-framework",
					"\"WCDBSwift\"",
					"-ObjC",
				);
				PRODUCT_BUNDLE_IDENTIFIER = com.wangzh.RandomFood;
				PRODUCT_NAME = "$(TARGET_NAME)";
				PROVISIONING_PROFILE = "ca6c2dae-9050-479f-bc7b-a8f3ea8c7f9b";
				PROVISIONING_PROFILE_SPECIFIER = randomFood_dev_0827;
				SWIFT_OBJC_BRIDGING_HEADER = "$(SRCROOT)/RandomFood/Resource/Swift-Bridge-Objective-C.h";
				SWIFT_VERSION = 4.0;
				TARGETED_DEVICE_FAMILY = "1,2";
			};
			name = Release;
		};
/* End XCBuildConfiguration section */

/* Begin XCConfigurationList section */
		BE64E13521311994009E6BF6 /* Build configuration list for PBXProject "RandomFood" */ = {
			isa = XCConfigurationList;
			buildConfigurations = (
				BE64E14A21311996009E6BF6 /* Debug */,
				BE64E14B21311996009E6BF6 /* Release */,
			);
			defaultConfigurationIsVisible = 0;
			defaultConfigurationName = Release;
		};
		BE64E14C21311996009E6BF6 /* Build configuration list for PBXNativeTarget "RandomFood" */ = {
			isa = XCConfigurationList;
			buildConfigurations = (
				BE64E14D21311996009E6BF6 /* Debug */,
				BE64E14E21311996009E6BF6 /* Release */,
			);
			defaultConfigurationIsVisible = 0;
			defaultConfigurationName = Release;
		};
/* End XCConfigurationList section */
	};
	rootObject = BE64E13221311994009E6BF6 /* Project object */;
}
