// !$*UTF8*$!
{
	archiveVersion = 1;
	classes = {
	};
	objectVersion = 50;
	objects = {

/* Begin PBXBuildFile section */
		BE4EFEE48A377D0A42387BFA /* Pods_RandomFood.framework in Frameworks */ = {isa = PBXBuildFile; fileRef = 32291C488AB180ADBA95CCB9 /* Pods_RandomFood.framework */; };
		BE5FAFE4214399F000F8A566 /* ZHShowItemCell.swift in Sources */ = {isa = PBXBuildFile; fileRef = BE5FAFE2214399F000F8A566 /* ZHShowItemCell.swift */; };
		BE5FAFE5214399F000F8A566 /* ZHShowItemCell.xib in Resources */ = {isa = PBXBuildFile; fileRef = BE5FAFE3214399F000F8A566 /* ZHShowItemCell.xib */; };
		BE5FAFE82143A1B500F8A566 /* ZHRandomFoodDefine.swift in Sources */ = {isa = PBXBuildFile; fileRef = BE5FAFE72143A1B500F8A566 /* ZHRandomFoodDefine.swift */; };
		BE5FAFED2143CCD600F8A566 /* ZHSettingController.swift in Sources */ = {isa = PBXBuildFile; fileRef = BE5FAFEC2143CCD600F8A566 /* ZHSettingController.swift */; };
		BE5FAFF52145003E00F8A566 /* ZHAlertView.swift in Sources */ = {isa = PBXBuildFile; fileRef = BE5FAFF42145003E00F8A566 /* ZHAlertView.swift */; };
		BE5FB00C214754A400F8A566 /* ZHProgressHUD.swift in Sources */ = {isa = PBXBuildFile; fileRef = BE5FB00B214754A400F8A566 /* ZHProgressHUD.swift */; };
		BE5FB01121475E3600F8A566 /* DispatchTime+Catagory.swift in Sources */ = {isa = PBXBuildFile; fileRef = BE5FB01021475E3600F8A566 /* DispatchTime+Catagory.swift */; };
		BE5FB0172147B9B000F8A566 /* ZHAddNewItemView.swift in Sources */ = {isa = PBXBuildFile; fileRef = BE5FB0162147B9B000F8A566 /* ZHAddNewItemView.swift */; };
		BE5FB0192147B9BE00F8A566 /* ZHAddNewItemView.xib in Resources */ = {isa = PBXBuildFile; fileRef = BE5FB0182147B9BE00F8A566 /* ZHAddNewItemView.xib */; };
		BE5FB01F2148AF2700F8A566 /* animation_location.gif in Resources */ = {isa = PBXBuildFile; fileRef = BE5FB01E2148AF2700F8A566 /* animation_location.gif */; };
		BE5FB0D6214BBF7700F8A566 /* shake.wav in Resources */ = {isa = PBXBuildFile; fileRef = BE5FB0D5214BBF7600F8A566 /* shake.wav */; };
		BE64E13E21311995009E6BF6 /* AppDelegate.swift in Sources */ = {isa = PBXBuildFile; fileRef = BE64E13D21311995009E6BF6 /* AppDelegate.swift */; };
		BE64E14521311996009E6BF6 /* Assets.xcassets in Resources */ = {isa = PBXBuildFile; fileRef = BE64E14421311996009E6BF6 /* Assets.xcassets */; };
		BE64E14821311996009E6BF6 /* LaunchScreen.storyboard in Resources */ = {isa = PBXBuildFile; fileRef = BE64E14621311996009E6BF6 /* LaunchScreen.storyboard */; };
		BE64E151213271BB009E6BF6 /* ZHDataStore.swift in Sources */ = {isa = PBXBuildFile; fileRef = BE64E150213271BB009E6BF6 /* ZHDataStore.swift */; };
		BE64E16B2132936A009E6BF6 /* CoreLocation.framework in Frameworks */ = {isa = PBXBuildFile; fileRef = BE64E16A2132936A009E6BF6 /* CoreLocation.framework */; };
		BE64E61221343D9A009E6BF6 /* AdSupport.framework in Frameworks */ = {isa = PBXBuildFile; fileRef = BE64E61121343D9A009E6BF6 /* AdSupport.framework */; };
		BE64E61421343DA7009E6BF6 /* AddressBook.framework in Frameworks */ = {isa = PBXBuildFile; fileRef = BE64E61321343DA7009E6BF6 /* AddressBook.framework */; };
		BE64E61621343DB4009E6BF6 /* libc++.tbd in Frameworks */ = {isa = PBXBuildFile; fileRef = BE64E61521343DB4009E6BF6 /* libc++.tbd */; };
		BE64E61821343DBC009E6BF6 /* libsqlite3.tbd in Frameworks */ = {isa = PBXBuildFile; fileRef = BE64E61721343DBC009E6BF6 /* libsqlite3.tbd */; };
		BE64E61A21343DC4009E6BF6 /* libxml2.tbd in Frameworks */ = {isa = PBXBuildFile; fileRef = BE64E61921343DC4009E6BF6 /* libxml2.tbd */; };
		BE64E61C21343DCB009E6BF6 /* libz.tbd in Frameworks */ = {isa = PBXBuildFile; fileRef = BE64E61B21343DCB009E6BF6 /* libz.tbd */; };
		BE64E61E21343DDF009E6BF6 /* QuartzCore.framework in Frameworks */ = {isa = PBXBuildFile; fileRef = BE64E61D21343DDF009E6BF6 /* QuartzCore.framework */; };
		BE64E62021343DEB009E6BF6 /* SystemConfiguration.framework in Frameworks */ = {isa = PBXBuildFile; fileRef = BE64E61F21343DEB009E6BF6 /* SystemConfiguration.framework */; };
		BE64E62221343DF5009E6BF6 /* CoreTelephony.framework in Frameworks */ = {isa = PBXBuildFile; fileRef = BE64E62121343DF5009E6BF6 /* CoreTelephony.framework */; };
		BE64E62621343E08009E6BF6 /* Security.framework in Frameworks */ = {isa = PBXBuildFile; fileRef = BE64E62521343E08009E6BF6 /* Security.framework */; };
		BE64E62821343E1A009E6BF6 /* CFNetwork.framework in Frameworks */ = {isa = PBXBuildFile; fileRef = BE64E62721343E1A009E6BF6 /* CFNetwork.framework */; };
		BE64E62A21343E27009E6BF6 /* ImageIO.framework in Frameworks */ = {isa = PBXBuildFile; fileRef = BE64E62921343E27009E6BF6 /* ImageIO.framework */; };
		BE64E62C21343E35009E6BF6 /* CoreMotion.framework in Frameworks */ = {isa = PBXBuildFile; fileRef = BE64E62B21343E35009E6BF6 /* CoreMotion.framework */; };
		BE64E62E21343ED9009E6BF6 /* Metal.framework in Frameworks */ = {isa = PBXBuildFile; fileRef = BE64E62D21343ED9009E6BF6 /* Metal.framework */; };
		BE64E62F21343EE4009E6BF6 /* MapKit.framework in Frameworks */ = {isa = PBXBuildFile; fileRef = BE64E16621328D89009E6BF6 /* MapKit.framework */; };
		BE64E63121343EF1009E6BF6 /* MobileCoreServices.framework in Frameworks */ = {isa = PBXBuildFile; fileRef = BE64E63021343EF1009E6BF6 /* MobileCoreServices.framework */; };
		BE64E63521343F04009E6BF6 /* Social.framework in Frameworks */ = {isa = PBXBuildFile; fileRef = BE64E63421343F04009E6BF6 /* Social.framework */; };
		BE64E63721343F0C009E6BF6 /* AudioToolbox.framework in Frameworks */ = {isa = PBXBuildFile; fileRef = BE64E63621343F0C009E6BF6 /* AudioToolbox.framework */; };
		BE64E63921343F1C009E6BF6 /* AVFoundation.framework in Frameworks */ = {isa = PBXBuildFile; fileRef = BE64E63821343F1C009E6BF6 /* AVFoundation.framework */; };
		BE64E63B21343F26009E6BF6 /* CoreGraphics.framework in Frameworks */ = {isa = PBXBuildFile; fileRef = BE64E63A21343F26009E6BF6 /* CoreGraphics.framework */; };
		BE64E63D21343F30009E6BF6 /* CoreMedia.framework in Frameworks */ = {isa = PBXBuildFile; fileRef = BE64E63C21343F30009E6BF6 /* CoreMedia.framework */; };
		BE64E63F21343F3B009E6BF6 /* CoreVideo.framework in Frameworks */ = {isa = PBXBuildFile; fileRef = BE64E63E21343F3B009E6BF6 /* CoreVideo.framework */; };
		BE64E64121343F43009E6BF6 /* MediaPlayer.framework in Frameworks */ = {isa = PBXBuildFile; fileRef = BE64E64021343F42009E6BF6 /* MediaPlayer.framework */; };
		BE64E64321343F4A009E6BF6 /* MessageUI.framework in Frameworks */ = {isa = PBXBuildFile; fileRef = BE64E64221343F4A009E6BF6 /* MessageUI.framework */; };
		BE64E64521343F5C009E6BF6 /* EventKit.framework in Frameworks */ = {isa = PBXBuildFile; fileRef = BE64E64421343F5B009E6BF6 /* EventKit.framework */; };
		BE64E64721343F63009E6BF6 /* EventKitUI.framework in Frameworks */ = {isa = PBXBuildFile; fileRef = BE64E64621343F63009E6BF6 /* EventKitUI.framework */; };
		BE64E64921343F6B009E6BF6 /* Foundation.framework in Frameworks */ = {isa = PBXBuildFile; fileRef = BE64E64821343F6B009E6BF6 /* Foundation.framework */; };
		BE64E64B21343F75009E6BF6 /* UIKit.framework in Frameworks */ = {isa = PBXBuildFile; fileRef = BE64E64A21343F75009E6BF6 /* UIKit.framework */; };
		BE64E64D21343F7C009E6BF6 /* Twitter.framework in Frameworks */ = {isa = PBXBuildFile; fileRef = BE64E64C21343F7C009E6BF6 /* Twitter.framework */; };
		BE64E64F21343F83009E6BF6 /* AssetsLibrary.framework in Frameworks */ = {isa = PBXBuildFile; fileRef = BE64E64E21343F83009E6BF6 /* AssetsLibrary.framework */; };
		BE64E65121343F8A009E6BF6 /* Accounts.framework in Frameworks */ = {isa = PBXBuildFile; fileRef = BE64E65021343F8A009E6BF6 /* Accounts.framework */; };
		BE64E65321343F92009E6BF6 /* WebKit.framework in Frameworks */ = {isa = PBXBuildFile; fileRef = BE64E65221343F92009E6BF6 /* WebKit.framework */; };
		BE64E65521343F9F009E6BF6 /* libz.1.2.5.tbd in Frameworks */ = {isa = PBXBuildFile; fileRef = BE64E65421343F9F009E6BF6 /* libz.1.2.5.tbd */; };
		BE64E65E213446C1009E6BF6 /* StoreKit.framework in Frameworks */ = {isa = PBXBuildFile; fileRef = BE64E65D213446C1009E6BF6 /* StoreKit.framework */; };
		BE64F54D21391DE2009E6BF6 /* ZHLocationHelper.swift in Sources */ = {isa = PBXBuildFile; fileRef = BE64F54C21391DE2009E6BF6 /* ZHLocationHelper.swift */; };
		BE64F556213942A1009E6BF6 /* ZHDiningRoomView.swift in Sources */ = {isa = PBXBuildFile; fileRef = BE64F555213942A1009E6BF6 /* ZHDiningRoomView.swift */; };
		BE64F558213942D9009E6BF6 /* ZHDiningRoomView.xib in Resources */ = {isa = PBXBuildFile; fileRef = BE64F557213942D9009E6BF6 /* ZHDiningRoomView.xib */; };
		BE996EF9213AD5FD00B2D450 /* ZHDiningRoom.swift in Sources */ = {isa = PBXBuildFile; fileRef = BE996EF8213AD5FD00B2D450 /* ZHDiningRoom.swift */; };
		BEE0BD542152077200927C0E /* ZHHomeViewController.swift in Sources */ = {isa = PBXBuildFile; fileRef = BEE0BD522152077200927C0E /* ZHHomeViewController.swift */; };
		BEE0BD592152089F00927C0E /* ZHBaseViewController.swift in Sources */ = {isa = PBXBuildFile; fileRef = BEE0BD572152089F00927C0E /* ZHBaseViewController.swift */; };
		BEE0C47421562C4700927C0E /* ZHEditListViewController.swift in Sources */ = {isa = PBXBuildFile; fileRef = BEE0C47321562C4700927C0E /* ZHEditListViewController.swift */; };
		BEE0C477215643F600927C0E /* ZHEditListViewModel.swift in Sources */ = {isa = PBXBuildFile; fileRef = BEE0C476215643F600927C0E /* ZHEditListViewModel.swift */; };
/* End PBXBuildFile section */

/* Begin PBXFileReference section */
		32291C488AB180ADBA95CCB9 /* Pods_RandomFood.framework */ = {isa = PBXFileReference; explicitFileType = wrapper.framework; includeInIndex = 0; path = Pods_RandomFood.framework; sourceTree = BUILT_PRODUCTS_DIR; };
		7DF4B565849C8ACCB1BA223F /* Pods-RandomFood.debug.xcconfig */ = {isa = PBXFileReference; includeInIndex = 1; lastKnownFileType = text.xcconfig; name = "Pods-RandomFood.debug.xcconfig"; path = "Pods/Target Support Files/Pods-RandomFood/Pods-RandomFood.debug.xcconfig"; sourceTree = "<group>"; };
		B4A0ED4A3736E9E11C38A886 /* Pods-RandomFood.release.xcconfig */ = {isa = PBXFileReference; includeInIndex = 1; lastKnownFileType = text.xcconfig; name = "Pods-RandomFood.release.xcconfig"; path = "Pods/Target Support Files/Pods-RandomFood/Pods-RandomFood.release.xcconfig"; sourceTree = "<group>"; };
		BE5FAFE2214399F000F8A566 /* ZHShowItemCell.swift */ = {isa = PBXFileReference; lastKnownFileType = sourcecode.swift; path = ZHShowItemCell.swift; sourceTree = "<group>"; };
		BE5FAFE3214399F000F8A566 /* ZHShowItemCell.xib */ = {isa = PBXFileReference; lastKnownFileType = file.xib; path = ZHShowItemCell.xib; sourceTree = "<group>"; };
		BE5FAFE72143A1B500F8A566 /* ZHRandomFoodDefine.swift */ = {isa = PBXFileReference; lastKnownFileType = sourcecode.swift; path = ZHRandomFoodDefine.swift; sourceTree = "<group>"; };
		BE5FAFEC2143CCD600F8A566 /* ZHSettingController.swift */ = {isa = PBXFileReference; lastKnownFileType = sourcecode.swift; path = ZHSettingController.swift; sourceTree = "<group>"; };
		BE5FAFF42145003E00F8A566 /* ZHAlertView.swift */ = {isa = PBXFileReference; lastKnownFileType = sourcecode.swift; path = ZHAlertView.swift; sourceTree = "<group>"; };
		BE5FB00B214754A400F8A566 /* ZHProgressHUD.swift */ = {isa = PBXFileReference; lastKnownFileType = sourcecode.swift; path = ZHProgressHUD.swift; sourceTree = "<group>"; };
		BE5FB01021475E3600F8A566 /* DispatchTime+Catagory.swift */ = {isa = PBXFileReference; lastKnownFileType = sourcecode.swift; path = "DispatchTime+Catagory.swift"; sourceTree = "<group>"; };
		BE5FB0162147B9B000F8A566 /* ZHAddNewItemView.swift */ = {isa = PBXFileReference; lastKnownFileType = sourcecode.swift; path = ZHAddNewItemView.swift; sourceTree = "<group>"; };
		BE5FB0182147B9BE00F8A566 /* ZHAddNewItemView.xib */ = {isa = PBXFileReference; lastKnownFileType = file.xib; path = ZHAddNewItemView.xib; sourceTree = "<group>"; };
		BE5FB01E2148AF2700F8A566 /* animation_location.gif */ = {isa = PBXFileReference; lastKnownFileType = image.gif; path = animation_location.gif; sourceTree = "<group>"; };
		BE5FB0D5214BBF7600F8A566 /* shake.wav */ = {isa = PBXFileReference; lastKnownFileType = audio.wav; path = shake.wav; sourceTree = "<group>"; };
		BE64E13A21311995009E6BF6 /* RandomFood.app */ = {isa = PBXFileReference; explicitFileType = wrapper.application; includeInIndex = 0; path = RandomFood.app; sourceTree = BUILT_PRODUCTS_DIR; };
		BE64E13D21311995009E6BF6 /* AppDelegate.swift */ = {isa = PBXFileReference; lastKnownFileType = sourcecode.swift; path = AppDelegate.swift; sourceTree = "<group>"; };
		BE64E14421311996009E6BF6 /* Assets.xcassets */ = {isa = PBXFileReference; lastKnownFileType = folder.assetcatalog; path = Assets.xcassets; sourceTree = "<group>"; };
		BE64E14721311996009E6BF6 /* Base */ = {isa = PBXFileReference; lastKnownFileType = file.storyboard; name = Base; path = Base.lproj/LaunchScreen.storyboard; sourceTree = "<group>"; };
		BE64E14921311996009E6BF6 /* Info.plist */ = {isa = PBXFileReference; lastKnownFileType = text.plist.xml; path = Info.plist; sourceTree = "<group>"; };
		BE64E150213271BB009E6BF6 /* ZHDataStore.swift */ = {isa = PBXFileReference; lastKnownFileType = sourcecode.swift; path = ZHDataStore.swift; sourceTree = "<group>"; };
		BE64E16621328D89009E6BF6 /* MapKit.framework */ = {isa = PBXFileReference; lastKnownFileType = wrapper.framework; name = MapKit.framework; path = System/Library/Frameworks/MapKit.framework; sourceTree = SDKROOT; };
		BE64E16A2132936A009E6BF6 /* CoreLocation.framework */ = {isa = PBXFileReference; lastKnownFileType = wrapper.framework; name = CoreLocation.framework; path = System/Library/Frameworks/CoreLocation.framework; sourceTree = SDKROOT; };
		BE64E61121343D9A009E6BF6 /* AdSupport.framework */ = {isa = PBXFileReference; lastKnownFileType = wrapper.framework; name = AdSupport.framework; path = System/Library/Frameworks/AdSupport.framework; sourceTree = SDKROOT; };
		BE64E61321343DA7009E6BF6 /* AddressBook.framework */ = {isa = PBXFileReference; lastKnownFileType = wrapper.framework; name = AddressBook.framework; path = System/Library/Frameworks/AddressBook.framework; sourceTree = SDKROOT; };
		BE64E61521343DB4009E6BF6 /* libc++.tbd */ = {isa = PBXFileReference; lastKnownFileType = "sourcecode.text-based-dylib-definition"; name = "libc++.tbd"; path = "usr/lib/libc++.tbd"; sourceTree = SDKROOT; };
		BE64E61721343DBC009E6BF6 /* libsqlite3.tbd */ = {isa = PBXFileReference; lastKnownFileType = "sourcecode.text-based-dylib-definition"; name = libsqlite3.tbd; path = usr/lib/libsqlite3.tbd; sourceTree = SDKROOT; };
		BE64E61921343DC4009E6BF6 /* libxml2.tbd */ = {isa = PBXFileReference; lastKnownFileType = "sourcecode.text-based-dylib-definition"; name = libxml2.tbd; path = usr/lib/libxml2.tbd; sourceTree = SDKROOT; };
		BE64E61B21343DCB009E6BF6 /* libz.tbd */ = {isa = PBXFileReference; lastKnownFileType = "sourcecode.text-based-dylib-definition"; name = libz.tbd; path = usr/lib/libz.tbd; sourceTree = SDKROOT; };
		BE64E61D21343DDF009E6BF6 /* QuartzCore.framework */ = {isa = PBXFileReference; lastKnownFileType = wrapper.framework; name = QuartzCore.framework; path = System/Library/Frameworks/QuartzCore.framework; sourceTree = SDKROOT; };
		BE64E61F21343DEB009E6BF6 /* SystemConfiguration.framework */ = {isa = PBXFileReference; lastKnownFileType = wrapper.framework; name = SystemConfiguration.framework; path = System/Library/Frameworks/SystemConfiguration.framework; sourceTree = SDKROOT; };
		BE64E62121343DF5009E6BF6 /* CoreTelephony.framework */ = {isa = PBXFileReference; lastKnownFileType = wrapper.framework; name = CoreTelephony.framework; path = System/Library/Frameworks/CoreTelephony.framework; sourceTree = SDKROOT; };
		BE64E62521343E08009E6BF6 /* Security.framework */ = {isa = PBXFileReference; lastKnownFileType = wrapper.framework; name = Security.framework; path = System/Library/Frameworks/Security.framework; sourceTree = SDKROOT; };
		BE64E62721343E1A009E6BF6 /* CFNetwork.framework */ = {isa = PBXFileReference; lastKnownFileType = wrapper.framework; name = CFNetwork.framework; path = System/Library/Frameworks/CFNetwork.framework; sourceTree = SDKROOT; };
		BE64E62921343E27009E6BF6 /* ImageIO.framework */ = {isa = PBXFileReference; lastKnownFileType = wrapper.framework; name = ImageIO.framework; path = System/Library/Frameworks/ImageIO.framework; sourceTree = SDKROOT; };
		BE64E62B21343E35009E6BF6 /* CoreMotion.framework */ = {isa = PBXFileReference; lastKnownFileType = wrapper.framework; name = CoreMotion.framework; path = System/Library/Frameworks/CoreMotion.framework; sourceTree = SDKROOT; };
		BE64E62D21343ED9009E6BF6 /* Metal.framework */ = {isa = PBXFileReference; lastKnownFileType = wrapper.framework; name = Metal.framework; path = System/Library/Frameworks/Metal.framework; sourceTree = SDKROOT; };
		BE64E63021343EF1009E6BF6 /* MobileCoreServices.framework */ = {isa = PBXFileReference; lastKnownFileType = wrapper.framework; name = MobileCoreServices.framework; path = System/Library/Frameworks/MobileCoreServices.framework; sourceTree = SDKROOT; };
		BE64E63421343F04009E6BF6 /* Social.framework */ = {isa = PBXFileReference; lastKnownFileType = wrapper.framework; name = Social.framework; path = System/Library/Frameworks/Social.framework; sourceTree = SDKROOT; };
		BE64E63621343F0C009E6BF6 /* AudioToolbox.framework */ = {isa = PBXFileReference; lastKnownFileType = wrapper.framework; name = AudioToolbox.framework; path = System/Library/Frameworks/AudioToolbox.framework; sourceTree = SDKROOT; };
		BE64E63821343F1C009E6BF6 /* AVFoundation.framework */ = {isa = PBXFileReference; lastKnownFileType = wrapper.framework; name = AVFoundation.framework; path = System/Library/Frameworks/AVFoundation.framework; sourceTree = SDKROOT; };
		BE64E63A21343F26009E6BF6 /* CoreGraphics.framework */ = {isa = PBXFileReference; lastKnownFileType = wrapper.framework; name = CoreGraphics.framework; path = System/Library/Frameworks/CoreGraphics.framework; sourceTree = SDKROOT; };
		BE64E63C21343F30009E6BF6 /* CoreMedia.framework */ = {isa = PBXFileReference; lastKnownFileType = wrapper.framework; name = CoreMedia.framework; path = System/Library/Frameworks/CoreMedia.framework; sourceTree = SDKROOT; };
		BE64E63E21343F3B009E6BF6 /* CoreVideo.framework */ = {isa = PBXFileReference; lastKnownFileType = wrapper.framework; name = CoreVideo.framework; path = System/Library/Frameworks/CoreVideo.framework; sourceTree = SDKROOT; };
		BE64E64021343F42009E6BF6 /* MediaPlayer.framework */ = {isa = PBXFileReference; lastKnownFileType = wrapper.framework; name = MediaPlayer.framework; path = System/Library/Frameworks/MediaPlayer.framework; sourceTree = SDKROOT; };
		BE64E64221343F4A009E6BF6 /* MessageUI.framework */ = {isa = PBXFileReference; lastKnownFileType = wrapper.framework; name = MessageUI.framework; path = System/Library/Frameworks/MessageUI.framework; sourceTree = SDKROOT; };
		BE64E64421343F5B009E6BF6 /* EventKit.framework */ = {isa = PBXFileReference; lastKnownFileType = wrapper.framework; name = EventKit.framework; path = System/Library/Frameworks/EventKit.framework; sourceTree = SDKROOT; };
		BE64E64621343F63009E6BF6 /* EventKitUI.framework */ = {isa = PBXFileReference; lastKnownFileType = wrapper.framework; name = EventKitUI.framework; path = System/Library/Frameworks/EventKitUI.framework; sourceTree = SDKROOT; };
		BE64E64821343F6B009E6BF6 /* Foundation.framework */ = {isa = PBXFileReference; lastKnownFileType = wrapper.framework; name = Foundation.framework; path = System/Library/Frameworks/Foundation.framework; sourceTree = SDKROOT; };
		BE64E64A21343F75009E6BF6 /* UIKit.framework */ = {isa = PBXFileReference; lastKnownFileType = wrapper.framework; name = UIKit.framework; path = System/Library/Frameworks/UIKit.framework; sourceTree = SDKROOT; };
		BE64E64C21343F7C009E6BF6 /* Twitter.framework */ = {isa = PBXFileReference; lastKnownFileType = wrapper.framework; name = Twitter.framework; path = System/Library/Frameworks/Twitter.framework; sourceTree = SDKROOT; };
		BE64E64E21343F83009E6BF6 /* AssetsLibrary.framework */ = {isa = PBXFileReference; lastKnownFileType = wrapper.framework; name = AssetsLibrary.framework; path = System/Library/Frameworks/AssetsLibrary.framework; sourceTree = SDKROOT; };
		BE64E65021343F8A009E6BF6 /* Accounts.framework */ = {isa = PBXFileReference; lastKnownFileType = wrapper.framework; name = Accounts.framework; path = System/Library/Frameworks/Accounts.framework; sourceTree = SDKROOT; };
		BE64E65221343F92009E6BF6 /* WebKit.framework */ = {isa = PBXFileReference; lastKnownFileType = wrapper.framework; name = WebKit.framework; path = System/Library/Frameworks/WebKit.framework; sourceTree = SDKROOT; };
		BE64E65421343F9F009E6BF6 /* libz.1.2.5.tbd */ = {isa = PBXFileReference; lastKnownFileType = "sourcecode.text-based-dylib-definition"; name = libz.1.2.5.tbd; path = usr/lib/libz.1.2.5.tbd; sourceTree = SDKROOT; };
		BE64E659213440E2009E6BF6 /* Swift-Bridge-Objective-C.h */ = {isa = PBXFileReference; lastKnownFileType = sourcecode.c.h; path = "Swift-Bridge-Objective-C.h"; sourceTree = "<group>"; };
		BE64E65D213446C1009E6BF6 /* StoreKit.framework */ = {isa = PBXFileReference; lastKnownFileType = wrapper.framework; name = StoreKit.framework; path = System/Library/Frameworks/StoreKit.framework; sourceTree = SDKROOT; };
		BE64F54C21391DE2009E6BF6 /* ZHLocationHelper.swift */ = {isa = PBXFileReference; lastKnownFileType = sourcecode.swift; path = ZHLocationHelper.swift; sourceTree = "<group>"; };
		BE64F555213942A1009E6BF6 /* ZHDiningRoomView.swift */ = {isa = PBXFileReference; lastKnownFileType = sourcecode.swift; path = ZHDiningRoomView.swift; sourceTree = "<group>"; };
		BE64F557213942D9009E6BF6 /* ZHDiningRoomView.xib */ = {isa = PBXFileReference; lastKnownFileType = file.xib; path = ZHDiningRoomView.xib; sourceTree = "<group>"; };
		BE996EF8213AD5FD00B2D450 /* ZHDiningRoom.swift */ = {isa = PBXFileReference; lastKnownFileType = sourcecode.swift; path = ZHDiningRoom.swift; sourceTree = "<group>"; };
		BEE0BD522152077200927C0E /* ZHHomeViewController.swift */ = {isa = PBXFileReference; lastKnownFileType = sourcecode.swift; path = ZHHomeViewController.swift; sourceTree = "<group>"; };
		BEE0BD572152089F00927C0E /* ZHBaseViewController.swift */ = {isa = PBXFileReference; lastKnownFileType = sourcecode.swift; path = ZHBaseViewController.swift; sourceTree = "<group>"; };
		BEE0C47321562C4700927C0E /* ZHEditListViewController.swift */ = {isa = PBXFileReference; lastKnownFileType = sourcecode.swift; path = ZHEditListViewController.swift; sourceTree = "<group>"; };
		BEE0C476215643F600927C0E /* ZHEditListViewModel.swift */ = {isa = PBXFileReference; lastKnownFileType = sourcecode.swift; path = ZHEditListViewModel.swift; sourceTree = "<group>"; };
/* End PBXFileReference section */

/* Begin PBXFrameworksBuildPhase section */
		BE64E13721311995009E6BF6 /* Frameworks */ = {
			isa = PBXFrameworksBuildPhase;
			buildActionMask = 2147483647;
			files = (
				BE64E63721343F0C009E6BF6 /* AudioToolbox.framework in Frameworks */,
				BE64E65521343F9F009E6BF6 /* libz.1.2.5.tbd in Frameworks */,
				BE64E65321343F92009E6BF6 /* WebKit.framework in Frameworks */,
				BE64E65121343F8A009E6BF6 /* Accounts.framework in Frameworks */,
				BE64E64F21343F83009E6BF6 /* AssetsLibrary.framework in Frameworks */,
				BE64E64D21343F7C009E6BF6 /* Twitter.framework in Frameworks */,
				BE64E64B21343F75009E6BF6 /* UIKit.framework in Frameworks */,
				BE64E64921343F6B009E6BF6 /* Foundation.framework in Frameworks */,
				BE64E64721343F63009E6BF6 /* EventKitUI.framework in Frameworks */,
				BE64E64521343F5C009E6BF6 /* EventKit.framework in Frameworks */,
				BE64E61E21343DDF009E6BF6 /* QuartzCore.framework in Frameworks */,
				BE64E64321343F4A009E6BF6 /* MessageUI.framework in Frameworks */,
				BE64E64121343F43009E6BF6 /* MediaPlayer.framework in Frameworks */,
				BE64E63F21343F3B009E6BF6 /* CoreVideo.framework in Frameworks */,
				BE64E63D21343F30009E6BF6 /* CoreMedia.framework in Frameworks */,
				BE64E63B21343F26009E6BF6 /* CoreGraphics.framework in Frameworks */,
				BE64E63921343F1C009E6BF6 /* AVFoundation.framework in Frameworks */,
				BE64E61421343DA7009E6BF6 /* AddressBook.framework in Frameworks */,
				BE64E63521343F04009E6BF6 /* Social.framework in Frameworks */,
				BE64E63121343EF1009E6BF6 /* MobileCoreServices.framework in Frameworks */,
				BE64E62F21343EE4009E6BF6 /* MapKit.framework in Frameworks */,
				BE64E62E21343ED9009E6BF6 /* Metal.framework in Frameworks */,
				BE64E62C21343E35009E6BF6 /* CoreMotion.framework in Frameworks */,
				BE64E62A21343E27009E6BF6 /* ImageIO.framework in Frameworks */,
				BE64E65E213446C1009E6BF6 /* StoreKit.framework in Frameworks */,
				BE64E62821343E1A009E6BF6 /* CFNetwork.framework in Frameworks */,
				BE64E62621343E08009E6BF6 /* Security.framework in Frameworks */,
				BE64E62221343DF5009E6BF6 /* CoreTelephony.framework in Frameworks */,
				BE64E62021343DEB009E6BF6 /* SystemConfiguration.framework in Frameworks */,
				BE64E61C21343DCB009E6BF6 /* libz.tbd in Frameworks */,
				BE64E61A21343DC4009E6BF6 /* libxml2.tbd in Frameworks */,
				BE64E61821343DBC009E6BF6 /* libsqlite3.tbd in Frameworks */,
				BE64E61621343DB4009E6BF6 /* libc++.tbd in Frameworks */,
				BE64E61221343D9A009E6BF6 /* AdSupport.framework in Frameworks */,
				BE64E16B2132936A009E6BF6 /* CoreLocation.framework in Frameworks */,
				BE4EFEE48A377D0A42387BFA /* Pods_RandomFood.framework in Frameworks */,
			);
			runOnlyForDeploymentPostprocessing = 0;
		};
/* End PBXFrameworksBuildPhase section */

/* Begin PBXGroup section */
		840E56614A0449A8E4F82E07 /* Pods */ = {
			isa = PBXGroup;
			children = (
				7DF4B565849C8ACCB1BA223F /* Pods-RandomFood.debug.xcconfig */,
				B4A0ED4A3736E9E11C38A886 /* Pods-RandomFood.release.xcconfig */,
			);
			name = Pods;
			sourceTree = "<group>";
		};
		A074193C9E997BEE11E281FE /* Frameworks */ = {
			isa = PBXGroup;
			children = (
				BE64E65D213446C1009E6BF6 /* StoreKit.framework */,
				BE64E65421343F9F009E6BF6 /* libz.1.2.5.tbd */,
				BE64E65221343F92009E6BF6 /* WebKit.framework */,
				BE64E65021343F8A009E6BF6 /* Accounts.framework */,
				BE64E64E21343F83009E6BF6 /* AssetsLibrary.framework */,
				BE64E64C21343F7C009E6BF6 /* Twitter.framework */,
				BE64E64A21343F75009E6BF6 /* UIKit.framework */,
				BE64E64821343F6B009E6BF6 /* Foundation.framework */,
				BE64E64621343F63009E6BF6 /* EventKitUI.framework */,
				BE64E64421343F5B009E6BF6 /* EventKit.framework */,
				BE64E64221343F4A009E6BF6 /* MessageUI.framework */,
				BE64E64021343F42009E6BF6 /* MediaPlayer.framework */,
				BE64E63E21343F3B009E6BF6 /* CoreVideo.framework */,
				BE64E63C21343F30009E6BF6 /* CoreMedia.framework */,
				BE64E63A21343F26009E6BF6 /* CoreGraphics.framework */,
				BE64E63821343F1C009E6BF6 /* AVFoundation.framework */,
				BE64E63621343F0C009E6BF6 /* AudioToolbox.framework */,
				BE64E63421343F04009E6BF6 /* Social.framework */,
				BE64E63021343EF1009E6BF6 /* MobileCoreServices.framework */,
				BE64E62D21343ED9009E6BF6 /* Metal.framework */,
				BE64E62B21343E35009E6BF6 /* CoreMotion.framework */,
				BE64E62921343E27009E6BF6 /* ImageIO.framework */,
				BE64E62721343E1A009E6BF6 /* CFNetwork.framework */,
				BE64E62521343E08009E6BF6 /* Security.framework */,
				BE64E62121343DF5009E6BF6 /* CoreTelephony.framework */,
				BE64E61F21343DEB009E6BF6 /* SystemConfiguration.framework */,
				BE64E61D21343DDF009E6BF6 /* QuartzCore.framework */,
				BE64E61B21343DCB009E6BF6 /* libz.tbd */,
				BE64E61921343DC4009E6BF6 /* libxml2.tbd */,
				BE64E61721343DBC009E6BF6 /* libsqlite3.tbd */,
				BE64E61521343DB4009E6BF6 /* libc++.tbd */,
				BE64E61321343DA7009E6BF6 /* AddressBook.framework */,
				BE64E61121343D9A009E6BF6 /* AdSupport.framework */,
				BE64E16A2132936A009E6BF6 /* CoreLocation.framework */,
				BE64E16621328D89009E6BF6 /* MapKit.framework */,
				32291C488AB180ADBA95CCB9 /* Pods_RandomFood.framework */,
			);
			name = Frameworks;
			sourceTree = "<group>";
		};
		BE5FAFE12143991900F8A566 /* Common */ = {
			isa = PBXGroup;
			children = (
				BE5FB00F21475E2A00F8A566 /* Catagory */,
				BE5FB00A2147547D00F8A566 /* HUD */,
				BE5FAFF32145002700F8A566 /* Alert */,
				BE5FAFE6214399F500F8A566 /* View */,
				BE5FAFE72143A1B500F8A566 /* ZHRandomFoodDefine.swift */,
			);
			path = Common;
			sourceTree = "<group>";
		};
		BE5FAFE6214399F500F8A566 /* View */ = {
			isa = PBXGroup;
			children = (
				BE5FAFE2214399F000F8A566 /* ZHShowItemCell.swift */,
				BE5FAFE3214399F000F8A566 /* ZHShowItemCell.xib */,
				BE5FB0162147B9B000F8A566 /* ZHAddNewItemView.swift */,
				BE5FB0182147B9BE00F8A566 /* ZHAddNewItemView.xib */,
			);
			path = View;
			sourceTree = "<group>";
		};
		BE5FAFEB2143CCB400F8A566 /* Setting */ = {
			isa = PBXGroup;
			children = (
				BE5FAFEC2143CCD600F8A566 /* ZHSettingController.swift */,
			);
			path = Setting;
			sourceTree = "<group>";
		};
		BE5FAFF32145002700F8A566 /* Alert */ = {
			isa = PBXGroup;
			children = (
				BE5FAFF42145003E00F8A566 /* ZHAlertView.swift */,
			);
			path = Alert;
			sourceTree = "<group>";
		};
		BE5FB00A2147547D00F8A566 /* HUD */ = {
			isa = PBXGroup;
			children = (
				BE5FB00B214754A400F8A566 /* ZHProgressHUD.swift */,
			);
			path = HUD;
			sourceTree = "<group>";
		};
		BE5FB00F21475E2A00F8A566 /* Catagory */ = {
			isa = PBXGroup;
			children = (
				BE5FB01021475E3600F8A566 /* DispatchTime+Catagory.swift */,
			);
			path = Catagory;
			sourceTree = "<group>";
		};
		BE64E13121311994009E6BF6 = {
			isa = PBXGroup;
			children = (
				BE64E13C21311995009E6BF6 /* RandomFood */,
				BE64E13B21311995009E6BF6 /* Products */,
				840E56614A0449A8E4F82E07 /* Pods */,
				A074193C9E997BEE11E281FE /* Frameworks */,
			);
			sourceTree = "<group>";
		};
		BE64E13B21311995009E6BF6 /* Products */ = {
			isa = PBXGroup;
			children = (
				BE64E13A21311995009E6BF6 /* RandomFood.app */,
			);
			name = Products;
			sourceTree = "<group>";
		};
		BE64E13C21311995009E6BF6 /* RandomFood */ = {
			isa = PBXGroup;
			children = (
				BEE0C475215643D000927C0E /* ViewModel */,
				BE64E152213285B9009E6BF6 /* UI */,
				BE64E14F2132718C009E6BF6 /* DAO */,
				BE64E153213285C4009E6BF6 /* Resource */,
				BE64E13D21311995009E6BF6 /* AppDelegate.swift */,
				BE64E14621311996009E6BF6 /* LaunchScreen.storyboard */,
			);
			path = RandomFood;
			sourceTree = "<group>";
		};
		BE64E14F2132718C009E6BF6 /* DAO */ = {
			isa = PBXGroup;
			children = (
				BE64E150213271BB009E6BF6 /* ZHDataStore.swift */,
				BE996EF8213AD5FD00B2D450 /* ZHDiningRoom.swift */,
			);
			path = DAO;
			sourceTree = "<group>";
		};
		BE64E152213285B9009E6BF6 /* UI */ = {
			isa = PBXGroup;
			children = (
				BE996F0A213F5D9A00B2D450 /* Base */,
				BEE0BD56215207D200927C0E /* Home */,
				BEE0C47221562C0B00927C0E /* Edit */,
				BE5FAFEB2143CCB400F8A566 /* Setting */,
				BE64F54F2139425D009E6BF6 /* DiningRoom  */,
				BE64F54B21391DC9009E6BF6 /* Helpers */,
				BE5FAFE12143991900F8A566 /* Common */,
			);
			path = UI;
			sourceTree = "<group>";
		};
		BE64E153213285C4009E6BF6 /* Resource */ = {
			isa = PBXGroup;
			children = (
				BE5FB01E2148AF2700F8A566 /* animation_location.gif */,
				BE5FB0D5214BBF7600F8A566 /* shake.wav */,
				BE64E14421311996009E6BF6 /* Assets.xcassets */,
				BE64E14921311996009E6BF6 /* Info.plist */,
				BE64E659213440E2009E6BF6 /* Swift-Bridge-Objective-C.h */,
			);
			path = Resource;
			sourceTree = "<group>";
		};
		BE64F54B21391DC9009E6BF6 /* Helpers */ = {
			isa = PBXGroup;
			children = (
				BE64F54C21391DE2009E6BF6 /* ZHLocationHelper.swift */,
			);
			path = Helpers;
			sourceTree = "<group>";
		};
		BE64F54F2139425D009E6BF6 /* DiningRoom  */ = {
			isa = PBXGroup;
			children = (
				BE64F555213942A1009E6BF6 /* ZHDiningRoomView.swift */,
				BE64F557213942D9009E6BF6 /* ZHDiningRoomView.xib */,
			);
			path = "DiningRoom ";
			sourceTree = "<group>";
		};
		BE996F0A213F5D9A00B2D450 /* Base */ = {
			isa = PBXGroup;
			children = (
				BEE0BD572152089F00927C0E /* ZHBaseViewController.swift */,
			);
			path = Base;
			sourceTree = "<group>";
		};
		BEE0BD56215207D200927C0E /* Home */ = {
			isa = PBXGroup;
			children = (
				BEE0BD522152077200927C0E /* ZHHomeViewController.swift */,
			);
			path = Home;
			sourceTree = "<group>";
		};
		BEE0C47221562C0B00927C0E /* Edit */ = {
			isa = PBXGroup;
			children = (
				BEE0C47321562C4700927C0E /* ZHEditListViewController.swift */,
			);
			path = Edit;
			sourceTree = "<group>";
		};
		BEE0C475215643D000927C0E /* ViewModel */ = {
			isa = PBXGroup;
			children = (
				BEE0C476215643F600927C0E /* ZHEditListViewModel.swift */,
			);
			path = ViewModel;
			sourceTree = "<group>";
		};
/* End PBXGroup section */

/* Begin PBXNativeTarget section */
		BE64E13921311995009E6BF6 /* RandomFood */ = {
			isa = PBXNativeTarget;
			buildConfigurationList = BE64E14C21311996009E6BF6 /* Build configuration list for PBXNativeTarget "RandomFood" */;
			buildPhases = (
				382961B737EB023A6BB99B9F /* [CP] Check Pods Manifest.lock */,
				BE64E13621311995009E6BF6 /* Sources */,
				BE64E13721311995009E6BF6 /* Frameworks */,
				BE64E13821311995009E6BF6 /* Resources */,
				49905793DA5A4AE4D2C0DE83 /* [CP] Embed Pods Frameworks */,
			);
			buildRules = (
			);
			dependencies = (
			);
			name = RandomFood;
			productName = RandomFood;
			productReference = BE64E13A21311995009E6BF6 /* RandomFood.app */;
			productType = "com.apple.product-type.application";
		};
/* End PBXNativeTarget section */

/* Begin PBXProject section */
		BE64E13221311994009E6BF6 /* Project object */ = {
			isa = PBXProject;
			attributes = {
				CLASSPREFIX = ZH;
				LastSwiftUpdateCheck = 0940;
				LastUpgradeCheck = 0940;
				ORGANIZATIONNAME = Darren;
				TargetAttributes = {
					BE64E13921311995009E6BF6 = {
						CreatedOnToolsVersion = 9.4.1;
						LastSwiftMigration = 1000;
						SystemCapabilities = {
							com.apple.ApplePay = {
								enabled = 0;
							};
							com.apple.InAppPurchase = {
								enabled = 1;
							};
							com.apple.Wallet = {
								enabled = 0;
							};
						};
					};
				};
			};
			buildConfigurationList = BE64E13521311994009E6BF6 /* Build configuration list for PBXProject "RandomFood" */;
			compatibilityVersion = "Xcode 9.3";
			developmentRegion = en;
			hasScannedForEncodings = 0;
			knownRegions = (
				en,
				Base,
			);
			mainGroup = BE64E13121311994009E6BF6;
			productRefGroup = BE64E13B21311995009E6BF6 /* Products */;
			projectDirPath = "";
			projectRoot = "";
			targets = (
				BE64E13921311995009E6BF6 /* RandomFood */,
			);
		};
/* End PBXProject section */

/* Begin PBXResourcesBuildPhase section */
		BE64E13821311995009E6BF6 /* Resources */ = {
			isa = PBXResourcesBuildPhase;
			buildActionMask = 2147483647;
			files = (
				BE5FB0D6214BBF7700F8A566 /* shake.wav in Resources */,
				BE64E14821311996009E6BF6 /* LaunchScreen.storyboard in Resources */,
				BE5FAFE5214399F000F8A566 /* ZHShowItemCell.xib in Resources */,
				BE5FB0192147B9BE00F8A566 /* ZHAddNewItemView.xib in Resources */,
				BE5FB01F2148AF2700F8A566 /* animation_location.gif in Resources */,
				BE64F558213942D9009E6BF6 /* ZHDiningRoomView.xib in Resources */,
				BE64E14521311996009E6BF6 /* Assets.xcassets in Resources */,
			);
			runOnlyForDeploymentPostprocessing = 0;
		};
/* End PBXResourcesBuildPhase section */

/* Begin PBXShellScriptBuildPhase section */
		382961B737EB023A6BB99B9F /* [CP] Check Pods Manifest.lock */ = {
			isa = PBXShellScriptBuildPhase;
			buildActionMask = 2147483647;
			files = (
			);
			inputPaths = (
				"${PODS_PODFILE_DIR_PATH}/Podfile.lock",
				"${PODS_ROOT}/Manifest.lock",
			);
			name = "[CP] Check Pods Manifest.lock";
			outputPaths = (
				"$(DERIVED_FILE_DIR)/Pods-RandomFood-checkManifestLockResult.txt",
			);
			runOnlyForDeploymentPostprocessing = 0;
			shellPath = /bin/sh;
			shellScript = "diff \"${PODS_PODFILE_DIR_PATH}/Podfile.lock\" \"${PODS_ROOT}/Manifest.lock\" > /dev/null\nif [ $? != 0 ] ; then\n    # print error to STDERR\n    echo \"error: The sandbox is not in sync with the Podfile.lock. Run 'pod install' or update your CocoaPods installation.\" >&2\n    exit 1\nfi\n# This output is used by Xcode 'outputs' to avoid re-running this script phase.\necho \"SUCCESS\" > \"${SCRIPT_OUTPUT_FILE_0}\"\n";
			showEnvVarsInLog = 0;
		};
		49905793DA5A4AE4D2C0DE83 /* [CP] Embed Pods Frameworks */ = {
			isa = PBXShellScriptBuildPhase;
			buildActionMask = 2147483647;
			files = (
			);
			inputFileListPaths = (
				"${PODS_ROOT}/Target Support Files/Pods-RandomFood/Pods-RandomFood-frameworks-${CONFIGURATION}-input-files.xcfilelist",
			);
			name = "[CP] Embed Pods Frameworks";
			outputFileListPaths = (
				"${PODS_ROOT}/Target Support Files/Pods-RandomFood/Pods-RandomFood-frameworks-${CONFIGURATION}-output-files.xcfilelist",
			);
			runOnlyForDeploymentPostprocessing = 0;
			shellPath = /bin/sh;
			shellScript = "\"${PODS_ROOT}/Target Support Files/Pods-RandomFood/Pods-RandomFood-frameworks.sh\"\n";
			showEnvVarsInLog = 0;
		};
/* End PBXShellScriptBuildPhase section */

/* Begin PBXSourcesBuildPhase section */
		BE64E13621311995009E6BF6 /* Sources */ = {
			isa = PBXSourcesBuildPhase;
			buildActionMask = 2147483647;
			files = (
				BE5FB00C214754A400F8A566 /* ZHProgressHUD.swift in Sources */,
				BEE0C47421562C4700927C0E /* ZHEditListViewController.swift in Sources */,
				BE64F556213942A1009E6BF6 /* ZHDiningRoomView.swift in Sources */,
				BE64F54D21391DE2009E6BF6 /* ZHLocationHelper.swift in Sources */,
				BE5FB01121475E3600F8A566 /* DispatchTime+Catagory.swift in Sources */,
				BE5FAFF52145003E00F8A566 /* ZHAlertView.swift in Sources */,
				BE996EF9213AD5FD00B2D450 /* ZHDiningRoom.swift in Sources */,
				BE5FAFED2143CCD600F8A566 /* ZHSettingController.swift in Sources */,
				BE5FB0172147B9B000F8A566 /* ZHAddNewItemView.swift in Sources */,
				BEE0BD542152077200927C0E /* ZHHomeViewController.swift in Sources */,
				BE5FAFE4214399F000F8A566 /* ZHShowItemCell.swift in Sources */,
				BEE0C477215643F600927C0E /* ZHEditListViewModel.swift in Sources */,
				BEE0BD592152089F00927C0E /* ZHBaseViewController.swift in Sources */,
				BE5FAFE82143A1B500F8A566 /* ZHRandomFoodDefine.swift in Sources */,
				BE64E151213271BB009E6BF6 /* ZHDataStore.swift in Sources */,
				BE64E13E21311995009E6BF6 /* AppDelegate.swift in Sources */,
			);
			runOnlyForDeploymentPostprocessing = 0;
		};
/* End PBXSourcesBuildPhase section */

/* Begin PBXVariantGroup section */
		BE64E14621311996009E6BF6 /* LaunchScreen.storyboard */ = {
			isa = PBXVariantGroup;
			children = (
				BE64E14721311996009E6BF6 /* Base */,
			);
			name = LaunchScreen.storyboard;
			sourceTree = "<group>";
		};
/* End PBXVariantGroup section */

/* Begin XCBuildConfiguration section */
		BE64E14A21311996009E6BF6 /* Debug */ = {
			isa = XCBuildConfiguration;
			buildSettings = {
				ALWAYS_SEARCH_USER_PATHS = NO;
				CLANG_ANALYZER_NONNULL = YES;
				CLANG_ANALYZER_NUMBER_OBJECT_CONVERSION = YES_AGGRESSIVE;
				CLANG_CXX_LANGUAGE_STANDARD = "gnu++14";
				CLANG_CXX_LIBRARY = "libc++";
				CLANG_ENABLE_MODULES = YES;
				CLANG_ENABLE_OBJC_ARC = YES;
				CLANG_ENABLE_OBJC_WEAK = YES;
				CLANG_WARN_BLOCK_CAPTURE_AUTORELEASING = YES;
				CLANG_WARN_BOOL_CONVERSION = YES;
				CLANG_WARN_COMMA = YES;
				CLANG_WARN_CONSTANT_CONVERSION = YES;
				CLANG_WARN_DEPRECATED_OBJC_IMPLEMENTATIONS = YES;
				CLANG_WARN_DIRECT_OBJC_ISA_USAGE = YES_ERROR;
				CLANG_WARN_DOCUMENTATION_COMMENTS = YES;
				CLANG_WARN_EMPTY_BODY = YES;
				CLANG_WARN_ENUM_CONVERSION = YES;
				CLANG_WARN_INFINITE_RECURSION = YES;
				CLANG_WARN_INT_CONVERSION = YES;
				CLANG_WARN_NON_LITERAL_NULL_CONVERSION = YES;
				CLANG_WARN_OBJC_IMPLICIT_RETAIN_SELF = YES;
				CLANG_WARN_OBJC_LITERAL_CONVERSION = YES;
				CLANG_WARN_OBJC_ROOT_CLASS = YES_ERROR;
				CLANG_WARN_RANGE_LOOP_ANALYSIS = YES;
				CLANG_WARN_STRICT_PROTOTYPES = YES;
				CLANG_WARN_SUSPICIOUS_MOVE = YES;
				CLANG_WARN_UNGUARDED_AVAILABILITY = YES_AGGRESSIVE;
				CLANG_WARN_UNREACHABLE_CODE = YES;
				CLANG_WARN__DUPLICATE_METHOD_MATCH = YES;
				CODE_SIGN_IDENTITY = "iPhone Developer";
				COPY_PHASE_STRIP = NO;
				DEBUG_INFORMATION_FORMAT = dwarf;
				ENABLE_STRICT_OBJC_MSGSEND = YES;
				ENABLE_TESTABILITY = YES;
				GCC_C_LANGUAGE_STANDARD = gnu11;
				GCC_DYNAMIC_NO_PIC = NO;
				GCC_NO_COMMON_BLOCKS = YES;
				GCC_OPTIMIZATION_LEVEL = 0;
				GCC_PREPROCESSOR_DEFINITIONS = (
					"DEBUG=1",
					"$(inherited)",
				);
				GCC_WARN_64_TO_32_BIT_CONVERSION = YES;
				GCC_WARN_ABOUT_RETURN_TYPE = YES_ERROR;
				GCC_WARN_UNDECLARED_SELECTOR = YES;
				GCC_WARN_UNINITIALIZED_AUTOS = YES_AGGRESSIVE;
				GCC_WARN_UNUSED_FUNCTION = YES;
				GCC_WARN_UNUSED_VARIABLE = YES;
				IPHONEOS_DEPLOYMENT_TARGET = 11.4;
				MTL_ENABLE_DEBUG_INFO = YES;
				ONLY_ACTIVE_ARCH = YES;
				SDKROOT = iphoneos;
				SWIFT_ACTIVE_COMPILATION_CONDITIONS = DEBUG;
				SWIFT_OPTIMIZATION_LEVEL = "-Onone";
			};
			name = Debug;
		};
		BE64E14B21311996009E6BF6 /* Release */ = {
			isa = XCBuildConfiguration;
			buildSettings = {
				ALWAYS_SEARCH_USER_PATHS = NO;
				CLANG_ANALYZER_NONNULL = YES;
				CLANG_ANALYZER_NUMBER_OBJECT_CONVERSION = YES_AGGRESSIVE;
				CLANG_CXX_LANGUAGE_STANDARD = "gnu++14";
				CLANG_CXX_LIBRARY = "libc++";
				CLANG_ENABLE_MODULES = YES;
				CLANG_ENABLE_OBJC_ARC = YES;
				CLANG_ENABLE_OBJC_WEAK = YES;
				CLANG_WARN_BLOCK_CAPTURE_AUTORELEASING = YES;
				CLANG_WARN_BOOL_CONVERSION = YES;
				CLANG_WARN_COMMA = YES;
				CLANG_WARN_CONSTANT_CONVERSION = YES;
				CLANG_WARN_DEPRECATED_OBJC_IMPLEMENTATIONS = YES;
				CLANG_WARN_DIRECT_OBJC_ISA_USAGE = YES_ERROR;
				CLANG_WARN_DOCUMENTATION_COMMENTS = YES;
				CLANG_WARN_EMPTY_BODY = YES;
				CLANG_WARN_ENUM_CONVERSION = YES;
				CLANG_WARN_INFINITE_RECURSION = YES;
				CLANG_WARN_INT_CONVERSION = YES;
				CLANG_WARN_NON_LITERAL_NULL_CONVERSION = YES;
				CLANG_WARN_OBJC_IMPLICIT_RETAIN_SELF = YES;
				CLANG_WARN_OBJC_LITERAL_CONVERSION = YES;
				CLANG_WARN_OBJC_ROOT_CLASS = YES_ERROR;
				CLANG_WARN_RANGE_LOOP_ANALYSIS = YES;
				CLANG_WARN_STRICT_PROTOTYPES = YES;
				CLANG_WARN_SUSPICIOUS_MOVE = YES;
				CLANG_WARN_UNGUARDED_AVAILABILITY = YES_AGGRESSIVE;
				CLANG_WARN_UNREACHABLE_CODE = YES;
				CLANG_WARN__DUPLICATE_METHOD_MATCH = YES;
				CODE_SIGN_IDENTITY = "iPhone Developer";
				COPY_PHASE_STRIP = NO;
				DEBUG_INFORMATION_FORMAT = "dwarf-with-dsym";
				ENABLE_NS_ASSERTIONS = NO;
				ENABLE_STRICT_OBJC_MSGSEND = YES;
				GCC_C_LANGUAGE_STANDARD = gnu11;
				GCC_NO_COMMON_BLOCKS = YES;
				GCC_WARN_64_TO_32_BIT_CONVERSION = YES;
				GCC_WARN_ABOUT_RETURN_TYPE = YES_ERROR;
				GCC_WARN_UNDECLARED_SELECTOR = YES;
				GCC_WARN_UNINITIALIZED_AUTOS = YES_AGGRESSIVE;
				GCC_WARN_UNUSED_FUNCTION = YES;
				GCC_WARN_UNUSED_VARIABLE = YES;
				IPHONEOS_DEPLOYMENT_TARGET = 11.4;
				MTL_ENABLE_DEBUG_INFO = NO;
				SDKROOT = iphoneos;
				SWIFT_COMPILATION_MODE = wholemodule;
				SWIFT_OPTIMIZATION_LEVEL = "-O";
				VALIDATE_PRODUCT = YES;
			};
			name = Release;
		};
		BE64E14D21311996009E6BF6 /* Debug */ = {
			isa = XCBuildConfiguration;
			baseConfigurationReference = 7DF4B565849C8ACCB1BA223F /* Pods-RandomFood.debug.xcconfig */;
			buildSettings = {
				ASSETCATALOG_COMPILER_APPICON_NAME = AppIcon;
				CODE_SIGN_IDENTITY = "iPhone Developer";
				CODE_SIGN_STYLE = Automatic;
				DEVELOPMENT_TEAM = "";
				ENABLE_BITCODE = NO;
				FRAMEWORK_SEARCH_PATHS = (
					"$(inherited)",
					"$(PROJECT_DIR)/RandomFood/ADLibrary/AdViewSDK-3.4.9/AdNetworks/Tanx/lib",
					"$(PROJECT_DIR)/RandomFood/ADLibrary/AdViewSDK-3.4.9/AdNetworks/Unity/lib",
					"$(PROJECT_DIR)/RandomFood/ADLibrary/AdViewSDK-3.4.9/AdNetworks/InMobi/lib",
					"$(PROJECT_DIR)/RandomFood/ADLibrary/AdViewSDK-3.4.9/AdNetworks/Baidu/lib",
					"$(PROJECT_DIR)/RandomFood/ADLibrary/AdViewSDK-3.4.9/AdNetworks/JDAdview/lib",
					"$(PROJECT_DIR)/RandomFood/ADLibrary/AdViewSDK-3.4.9/AdNetworks/Adwo/lib",
					"$(PROJECT_DIR)/RandomFood/ADLibrary/AdViewSDK-3.4.9/AdNetworks/Lmmob/lib",
					"$(PROJECT_DIR)/RandomFood/ADLibrary/AdViewSDK-3.4.9/AdNetworks/XingYun/lib",
					"$(PROJECT_DIR)/RandomFood/ADLibrary/AdViewSDK-3.4.9/AdNetworks/AdColony/lib",
					"$(PROJECT_DIR)/RandomFood/ADLibrary/AdViewSDK-3.4.9/AdNetworks/MillennialMedia/lib",
					"$(PROJECT_DIR)/RandomFood/ADLibrary/AdViewSDK-3.4.9/AdNetworks/MobFox/lib",
					"$(PROJECT_DIR)/RandomFood/ADLibrary/AdViewSDK-3.4.9/AdNetworks/GoogleAdMob/lib",
					"$(PROJECT_DIR)/RandomFood/ADLibrary/AdViewSDK-3.4.9/AdNetworks/AdPro/lib",
					"$(PROJECT_DIR)/RandomFood/ADLibrary/AdViewSDK-3.4.9/AdNetworks/VPon/lib",
					"$(PROJECT_DIR)/RandomFood/ADLibrary/AdViewSDK-3.4.9/AdNetworks/Chartboost/lib",
					"$(PROJECT_DIR)/RandomFood/ADLibrary/AdViewSDK-3.4.9/AdNetworks/YiJiFen/lib",
					"$(PROJECT_DIR)/RandomFood/ADLibrary/AdViewSDK-3.4.9/AdNetworks/Waps/lib",
				);
				INFOPLIST_FILE = RandomFood/Resource/Info.plist;
				IPHONEOS_DEPLOYMENT_TARGET = 8.0;
				LD_RUNPATH_SEARCH_PATHS = (
					"$(inherited)",
					"@executable_path/Frameworks",
				);
				LIBRARY_SEARCH_PATHS = (
					"$(inherited)",
					"$(PROJECT_DIR)/RandomFood/ADLibrary/AdViewSDK-3.4.9/AdNetworks/Tanx/lib",
					"$(PROJECT_DIR)/RandomFood/ADLibrary/AdViewSDK-3.4.9/AdNetworks/Greystripe/lib",
					"$(PROJECT_DIR)/RandomFood/ADLibrary/AdViewSDK-3.4.9/AdNetworks/Vtime/lib",
					"$(PROJECT_DIR)/RandomFood/ADLibrary/AdViewSDK-3.4.9/AdNetworks/Smtaran/lib",
					"$(PROJECT_DIR)/RandomFood/ADLibrary/AdViewSDK-3.4.9/AdNetworks/GuoHe/lib",
					"$(PROJECT_DIR)/RandomFood/ADLibrary/AdViewSDK-3.4.9/AdNetworks/UMAd/lib",
					"$(PROJECT_DIR)/RandomFood/ADLibrary/AdViewSDK-3.4.9/AdNetworks/AdSmar/lib",
					"$(PROJECT_DIR)/RandomFood/ADLibrary/AdViewSDK-3.4.9/AdNetworks/Domob/lib",
					"$(PROJECT_DIR)/RandomFood/ADLibrary/AdViewSDK-3.4.9/AdNetworks/Adwo/lib",
					"$(PROJECT_DIR)/RandomFood/ADLibrary/AdViewSDK-3.4.9/AdNetworks/AdFracta/lib",
					"$(PROJECT_DIR)/RandomFood/ADLibrary/AdViewSDK-3.4.9/AdNetworks/Miidi/lib",
					"$(PROJECT_DIR)/RandomFood/ADLibrary/AdViewSDK-3.4.9/AdNetworks/WQMobile/lib",
					"$(PROJECT_DIR)/RandomFood/ADLibrary/AdViewSDK-3.4.9/AdNetworks/GDTMob/lib",
					"$(PROJECT_DIR)/RandomFood/ADLibrary/AdViewSDK-3.4.9/AdNetworks/Appnext/lib",
					"$(PROJECT_DIR)/RandomFood/ADLibrary/AdViewSDK-3.4.9/AdNetworks/Chance/lib",
					"$(PROJECT_DIR)/RandomFood/ADLibrary/AdViewSDK-3.4.9/AdNetworks/AdChina/lib",
					"$(PROJECT_DIR)/RandomFood/ADLibrary/AdViewSDK-3.4.9/AdNetworks/SmartMad/lib",
					"$(PROJECT_DIR)/RandomFood/ADLibrary/AdViewSDK-3.4.9/AdNetworks/Guomob/lib",
					"$(PROJECT_DIR)/RandomFood/ADLibrary/AdViewSDK-3.4.9/AdNetworks/YouMi/lib",
					"$(PROJECT_DIR)/RandomFood/ADLibrary/AdViewSDK-3.4.9/AdNetworks/DIanRu/lib",
					"$(PROJECT_DIR)/RandomFood/ADLibrary/AdViewSDK-3.4.9/AdNetworks/Opera/lib",
					"$(PROJECT_DIR)/RandomFood/ADLibrary/AdViewSDK-3.4.9/AdNetworks/STMob/lib",
					"$(PROJECT_DIR)/RandomFood/ADLibrary/AdViewSDK-3.4.9/AdNetworks/Aduu/lib",
					"$(PROJECT_DIR)/RandomFood/ADLibrary/AdViewSDK-3.4.9/AdNetworks/AirAD/lib",
					"$(PROJECT_DIR)/RandomFood/ADLibrary/AdViewSDK-3.4.9/AdNetworks/YouLan/lib",
					"$(PROJECT_DIR)/RandomFood/ADLibrary/AdViewSDK-3.4.9/AdNetworks/Waps/lib",
					"$(PROJECT_DIR)/RandomFood/ADLibrary/AdViewSDK-3.4.9/AdNetworks/Pingcoo/lib",
					"$(PROJECT_DIR)/RandomFood/ADLibrary/AdViewSDK-3.4.9/AdNetworks/Mopan/lib",
					"$(PROJECT_DIR)/RandomFood/ADLibrary/AdViewSDK-3.4.9/AdView",
				);
				OTHER_LDFLAGS = (
					"$(inherited)",
					"-framework",
					"\"RxCocoa\"",
					"-framework",
					"\"RxSwift\"",
					"-framework",
					"\"WCDBSwift\"",
					"-ObjC",
				);
				PRODUCT_BUNDLE_IDENTIFIER = com.wangzh.RandomFood;
				PRODUCT_NAME = "$(TARGET_NAME)";
				PROVISIONING_PROFILE = "ca6c2dae-9050-479f-bc7b-a8f3ea8c7f9b";
				PROVISIONING_PROFILE_SPECIFIER = "";
				SWIFT_OBJC_BRIDGING_HEADER = "$(SRCROOT)/RandomFood/Resource/Swift-Bridge-Objective-C.h";
				SWIFT_VERSION = 4.0;
				TARGETED_DEVICE_FAMILY = "1,2";
			};
			name = Debug;
		};
		BE64E14E21311996009E6BF6 /* Release */ = {
			isa = XCBuildConfiguration;
			baseConfigurationReference = B4A0ED4A3736E9E11C38A886 /* Pods-RandomFood.release.xcconfig */;
			buildSettings = {
				ASSETCATALOG_COMPILER_APPICON_NAME = AppIcon;
				CODE_SIGN_IDENTITY = "iPhone Developer";
				CODE_SIGN_STYLE = Automatic;
				DEVELOPMENT_TEAM = "";
				ENABLE_BITCODE = NO;
				FRAMEWORK_SEARCH_PATHS = (
					"$(inherited)",
					"$(PROJECT_DIR)/RandomFood/ADLibrary/AdViewSDK-3.4.9/AdNetworks/Tanx/lib",
					"$(PROJECT_DIR)/RandomFood/ADLibrary/AdViewSDK-3.4.9/AdNetworks/Unity/lib",
					"$(PROJECT_DIR)/RandomFood/ADLibrary/AdViewSDK-3.4.9/AdNetworks/InMobi/lib",
					"$(PROJECT_DIR)/RandomFood/ADLibrary/AdViewSDK-3.4.9/AdNetworks/Baidu/lib",
					"$(PROJECT_DIR)/RandomFood/ADLibrary/AdViewSDK-3.4.9/AdNetworks/JDAdview/lib",
					"$(PROJECT_DIR)/RandomFood/ADLibrary/AdViewSDK-3.4.9/AdNetworks/Adwo/lib",
					"$(PROJECT_DIR)/RandomFood/ADLibrary/AdViewSDK-3.4.9/AdNetworks/Lmmob/lib",
					"$(PROJECT_DIR)/RandomFood/ADLibrary/AdViewSDK-3.4.9/AdNetworks/XingYun/lib",
					"$(PROJECT_DIR)/RandomFood/ADLibrary/AdViewSDK-3.4.9/AdNetworks/AdColony/lib",
					"$(PROJECT_DIR)/RandomFood/ADLibrary/AdViewSDK-3.4.9/AdNetworks/MillennialMedia/lib",
					"$(PROJECT_DIR)/RandomFood/ADLibrary/AdViewSDK-3.4.9/AdNetworks/MobFox/lib",
					"$(PROJECT_DIR)/RandomFood/ADLibrary/AdViewSDK-3.4.9/AdNetworks/GoogleAdMob/lib",
					"$(PROJECT_DIR)/RandomFood/ADLibrary/AdViewSDK-3.4.9/AdNetworks/AdPro/lib",
					"$(PROJECT_DIR)/RandomFood/ADLibrary/AdViewSDK-3.4.9/AdNetworks/VPon/lib",
					"$(PROJECT_DIR)/RandomFood/ADLibrary/AdViewSDK-3.4.9/AdNetworks/Chartboost/lib",
					"$(PROJECT_DIR)/RandomFood/ADLibrary/AdViewSDK-3.4.9/AdNetworks/YiJiFen/lib",
					"$(PROJECT_DIR)/RandomFood/ADLibrary/AdViewSDK-3.4.9/AdNetworks/Waps/lib",
				);
				INFOPLIST_FILE = RandomFood/Resource/Info.plist;
				IPHONEOS_DEPLOYMENT_TARGET = 8.0;
				LD_RUNPATH_SEARCH_PATHS = (
					"$(inherited)",
					"@executable_path/Frameworks",
				);
				LIBRARY_SEARCH_PATHS = (
					"$(inherited)",
					"$(PROJECT_DIR)/RandomFood/ADLibrary/AdViewSDK-3.4.9/AdNetworks/Tanx/lib",
					"$(PROJECT_DIR)/RandomFood/ADLibrary/AdViewSDK-3.4.9/AdNetworks/Greystripe/lib",
					"$(PROJECT_DIR)/RandomFood/ADLibrary/AdViewSDK-3.4.9/AdNetworks/Vtime/lib",
					"$(PROJECT_DIR)/RandomFood/ADLibrary/AdViewSDK-3.4.9/AdNetworks/Smtaran/lib",
					"$(PROJECT_DIR)/RandomFood/ADLibrary/AdViewSDK-3.4.9/AdNetworks/GuoHe/lib",
					"$(PROJECT_DIR)/RandomFood/ADLibrary/AdViewSDK-3.4.9/AdNetworks/UMAd/lib",
					"$(PROJECT_DIR)/RandomFood/ADLibrary/AdViewSDK-3.4.9/AdNetworks/AdSmar/lib",
					"$(PROJECT_DIR)/RandomFood/ADLibrary/AdViewSDK-3.4.9/AdNetworks/Domob/lib",
					"$(PROJECT_DIR)/RandomFood/ADLibrary/AdViewSDK-3.4.9/AdNetworks/Adwo/lib",
					"$(PROJECT_DIR)/RandomFood/ADLibrary/AdViewSDK-3.4.9/AdNetworks/AdFracta/lib",
					"$(PROJECT_DIR)/RandomFood/ADLibrary/AdViewSDK-3.4.9/AdNetworks/Miidi/lib",
					"$(PROJECT_DIR)/RandomFood/ADLibrary/AdViewSDK-3.4.9/AdNetworks/WQMobile/lib",
					"$(PROJECT_DIR)/RandomFood/ADLibrary/AdViewSDK-3.4.9/AdNetworks/GDTMob/lib",
					"$(PROJECT_DIR)/RandomFood/ADLibrary/AdViewSDK-3.4.9/AdNetworks/Appnext/lib",
					"$(PROJECT_DIR)/RandomFood/ADLibrary/AdViewSDK-3.4.9/AdNetworks/Chance/lib",
					"$(PROJECT_DIR)/RandomFood/ADLibrary/AdViewSDK-3.4.9/AdNetworks/AdChina/lib",
					"$(PROJECT_DIR)/RandomFood/ADLibrary/AdViewSDK-3.4.9/AdNetworks/SmartMad/lib",
					"$(PROJECT_DIR)/RandomFood/ADLibrary/AdViewSDK-3.4.9/AdNetworks/Guomob/lib",
					"$(PROJECT_DIR)/RandomFood/ADLibrary/AdViewSDK-3.4.9/AdNetworks/YouMi/lib",
					"$(PROJECT_DIR)/RandomFood/ADLibrary/AdViewSDK-3.4.9/AdNetworks/DIanRu/lib",
					"$(PROJECT_DIR)/RandomFood/ADLibrary/AdViewSDK-3.4.9/AdNetworks/Opera/lib",
					"$(PROJECT_DIR)/RandomFood/ADLibrary/AdViewSDK-3.4.9/AdNetworks/STMob/lib",
					"$(PROJECT_DIR)/RandomFood/ADLibrary/AdViewSDK-3.4.9/AdNetworks/Aduu/lib",
					"$(PROJECT_DIR)/RandomFood/ADLibrary/AdViewSDK-3.4.9/AdNetworks/AirAD/lib",
					"$(PROJECT_DIR)/RandomFood/ADLibrary/AdViewSDK-3.4.9/AdNetworks/YouLan/lib",
					"$(PROJECT_DIR)/RandomFood/ADLibrary/AdViewSDK-3.4.9/AdNetworks/Waps/lib",
					"$(PROJECT_DIR)/RandomFood/ADLibrary/AdViewSDK-3.4.9/AdNetworks/Pingcoo/lib",
					"$(PROJECT_DIR)/RandomFood/ADLibrary/AdViewSDK-3.4.9/AdNetworks/Mopan/lib",
					"$(PROJECT_DIR)/RandomFood/ADLibrary/AdViewSDK-3.4.9/AdView",
				);
				OTHER_LDFLAGS = (
					"$(inherited)",
					"-framework",
					"\"RxCocoa\"",
					"-framework",
					"\"RxSwift\"",
					"-framework",
					"\"WCDBSwift\"",
					"-ObjC",
				);
				PRODUCT_BUNDLE_IDENTIFIER = com.wangzh.RandomFood;
				PRODUCT_NAME = "$(TARGET_NAME)";
				PROVISIONING_PROFILE = "fb7c0ffb-1bd3-4d03-859a-f04acfc7d7c0";
				PROVISIONING_PROFILE_SPECIFIER = "";
				SWIFT_OBJC_BRIDGING_HEADER = "$(SRCROOT)/RandomFood/Resource/Swift-Bridge-Objective-C.h";
				SWIFT_VERSION = 4.0;
				TARGETED_DEVICE_FAMILY = "1,2";
			};
			name = Release;
		};
/* End XCBuildConfiguration section */

/* Begin XCConfigurationList section */
		BE64E13521311994009E6BF6 /* Build configuration list for PBXProject "RandomFood" */ = {
			isa = XCConfigurationList;
			buildConfigurations = (
				BE64E14A21311996009E6BF6 /* Debug */,
				BE64E14B21311996009E6BF6 /* Release */,
			);
			defaultConfigurationIsVisible = 0;
			defaultConfigurationName = Release;
		};
		BE64E14C21311996009E6BF6 /* Build configuration list for PBXNativeTarget "RandomFood" */ = {
			isa = XCConfigurationList;
			buildConfigurations = (
				BE64E14D21311996009E6BF6 /* Debug */,
				BE64E14E21311996009E6BF6 /* Release */,
			);
			defaultConfigurationIsVisible = 0;
			defaultConfigurationName = Release;
		};
/* End XCConfigurationList section */
	};
	rootObject = BE64E13221311994009E6BF6 /* Project object */;
}
